
Microsoft Visual Studio Solution File, Format Version 12.00
# Visual Studio 15
Project("{FAE04EC0-301F-11D3-BF4B-00C04F79EFBC}") = "Unity.Timeline", "Unity.Timeline.csproj", "{B2E2E3F7-CED7-E1CF-69CE-F35EE811B53D}"
EndProject
Project("{FAE04EC0-301F-11D3-BF4B-00C04F79EFBC}") = "Unity.Timeline.Editor", "Unity.Timeline.Editor.csproj", "{6816D764-B9A7-0363-7C14-3FE767CF23C4}"
EndProject
Project("{FAE04EC0-301F-11D3-BF4B-00C04F79EFBC}") = "Unity.2D.Tilemap.Editor", "Unity.2D.Tilemap.Editor.csproj", "{D3D6DD6B-6AD7-D124-517F-1E49895F1E9F}"
EndProject
Project("{FAE04EC0-301F-11D3-BF4B-00C04F79EFBC}") = "Unity.TextMeshPro.Editor", "Unity.TextMeshPro.Editor.csproj", "{28EEA4AE-BCBF-3FA2-F1CC-260994B0C42E}"
EndProject
Project("{FAE04EC0-301F-11D3-BF4B-00C04F79EFBC}") = "Unity.2D.Aseprite.Editor", "Unity.2D.Aseprite.Editor.csproj", "{374C71CC-52AD-50C3-2333-E36BDB54B07B}"
EndProject
Project("{FAE04EC0-301F-11D3-BF4B-00C04F79EFBC}") = "UnityEditor.UI", "UnityEditor.UI.csproj", "{C0630C80-EEFF-21F8-234B-D7FB50F0AFDB}"
EndProject
Project("{FAE04EC0-301F-11D3-BF4B-00C04F79EFBC}") = "Unity.PlasticSCM.Editor", "Unity.PlasticSCM.Editor.csproj", "{2D96B6C6-8F1E-0CCB-42C0-784D0028846B}"
EndProject
Project("{FAE04EC0-301F-11D3-BF4B-00C04F79EFBC}") = "Unity.2D.Psdimporter.Editor", "Unity.2D.Psdimporter.Editor.csproj", "{D4880093-C78C-DDFD-2337-DA65DCF3480F}"
EndProject
Project("{FAE04EC0-301F-11D3-BF4B-00C04F79EFBC}") = "Unity.InputSystem", "Unity.InputSystem.csproj", "{78AB15E0-EF6F-0F89-9F7C-76344A4C56DE}"
EndProject
Project("{FAE04EC0-301F-11D3-BF4B-00C04F79EFBC}") = "Unity.Mathematics", "Unity.Mathematics.csproj", "{169583D8-F346-1728-425E-7CB5427CB245}"
EndProject
Project("{FAE04EC0-301F-11D3-BF4B-00C04F79EFBC}") = "Unity.2D.Animation.Editor", "Unity.2D.Animation.Editor.csproj", "{1F21BD49-B68D-7C50-CD9C-7E82CC7409AC}"
EndProject
Project("{FAE04EC0-301F-11D3-BF4B-00C04F79EFBC}") = "Unity.2D.Common.Path.Editor", "Unity.2D.Common.Path.Editor.csproj", "{3FC2D8ED-8BDC-7523-9F85-F1145811E617}"
EndProject
Project("{FAE04EC0-301F-11D3-BF4B-00C04F79EFBC}") = "Unity.2D.IK.Runtime", "Unity.2D.IK.Runtime.csproj", "{9B46F41A-FFAF-AD30-B388-9CFCCAC03769}"
EndProject
Project("{FAE04EC0-301F-11D3-BF4B-00C04F79EFBC}") = "UnityEditor.TestRunner", "UnityEditor.TestRunner.csproj", "{1BF527FB-E33D-9139-DCE6-C8F9B03C9A8B}"
EndProject
Project("{FAE04EC0-301F-11D3-BF4B-00C04F79EFBC}") = "UnityEngine.TestRunner", "UnityEngine.TestRunner.csproj", "{B76D5926-5494-B9BE-269D-753665EF3EA1}"
EndProject
Project("{FAE04EC0-301F-11D3-BF4B-00C04F79EFBC}") = "PsdPlugin", "PsdPlugin.csproj", "{026676B1-F02C-AB6F-4E54-7F052F0005C3}"
EndProject
Project("{FAE04EC0-301F-11D3-BF4B-00C04F79EFBC}") = "Unity.Burst", "Unity.Burst.csproj", "{18039863-A2CA-8608-7894-AA7F29C49A89}"
EndProject
Project("{FAE04EC0-301F-11D3-BF4B-00C04F79EFBC}") = "UnityEngine.UI", "UnityEngine.UI.csproj", "{BC68B77A-BECE-0F04-B457-A89CD45D8312}"
EndProject
Project("{FAE04EC0-301F-11D3-BF4B-00C04F79EFBC}") = "Unity.2D.SpriteShape.Editor", "Unity.2D.SpriteShape.Editor.csproj", "{E512FFAA-482B-8951-6C3C-4260FB9A711B}"
EndProject
Project("{FAE04EC0-301F-11D3-BF4B-00C04F79EFBC}") = "Unity.Collections", "Unity.Collections.csproj", "{07E2D664-D566-09D4-972F-54AA257D73FD}"
EndProject
Project("{FAE04EC0-301F-11D3-BF4B-00C04F79EFBC}") = "Unity.VisualStudio.Editor", "Unity.VisualStudio.Editor.csproj", "{9F6F844B-CF9F-FCC5-4775-4056B7CDB1F3}"
EndProject
Project("{FAE04EC0-301F-11D3-BF4B-00C04F79EFBC}") = "Assembly-CSharp", "Assembly-CSharp.csproj", "{DDE54FB3-F534-098D-DB5A-CBE0F5749B27}"
EndProject
Project("{FAE04EC0-301F-11D3-BF4B-00C04F79EFBC}") = "Unity.2D.Tilemap.Extras.Editor", "Unity.2D.Tilemap.Extras.Editor.csproj", "{3F2F581F-1813-3DCD-326A-C10FAC68FBB2}"
EndProject
Project("{FAE04EC0-301F-11D3-BF4B-00C04F79EFBC}") = "Unity.Rider.Editor", "Unity.Rider.Editor.csproj", "{D4928162-61EB-B6D6-A499-476F7277815F}"
EndProject
Project("{FAE04EC0-301F-11D3-BF4B-00C04F79EFBC}") = "Unity.InternalAPIEditorBridge.001", "Unity.InternalAPIEditorBridge.001.csproj", "{B033585B-C158-19B6-E5D0-86002B437C00}"
EndProject
Project("{FAE04EC0-301F-11D3-BF4B-00C04F79EFBC}") = "Unity.2D.SpriteShape.Runtime", "Unity.2D.SpriteShape.Runtime.csproj", "{2BBC9FC8-4684-A23B-4EA7-840FAB9D99D7}"
EndProject
Project("{FAE04EC0-301F-11D3-BF4B-00C04F79EFBC}") = "Unity.2D.Animation.Runtime", "Unity.2D.Animation.Runtime.csproj", "{3462A585-A087-DA9F-F334-5148D51D87DC}"
EndProject
Project("{FAE04EC0-301F-11D3-BF4B-00C04F79EFBC}") = "Unity.Burst.CodeGen", "Unity.Burst.CodeGen.csproj", "{5A71EA55-5B8A-FC01-28D4-FEC435071E8C}"
EndProject
Project("{FAE04EC0-301F-11D3-BF4B-00C04F79EFBC}") = "Unity.2D.Tilemap.Extras", "Unity.2D.Tilemap.Extras.csproj", "{812BB197-7840-9773-3893-CC671A293293}"
EndProject
Project("{FAE04EC0-301F-11D3-BF4B-00C04F79EFBC}") = "Unity.TextMeshPro", "Unity.TextMeshPro.csproj", "{3697A571-312E-38DE-8057-8E7FA92F1945}"
EndProject
Project("{FAE04EC0-301F-11D3-BF4B-00C04F79EFBC}") = "Unity.2D.Aseprite.Common", "Unity.2D.Aseprite.Common.csproj", "{B9F5D9E8-4A86-B92A-C73F-76D035670CEB}"
EndProject
Project("{FAE04EC0-301F-11D3-BF4B-00C04F79EFBC}") = "Unity.2D.IK.Editor", "Unity.2D.IK.Editor.csproj", "{7BA3FC65-D1F8-4533-2A1F-CDD408F27206}"
EndProject
Project("{FAE04EC0-301F-11D3-BF4B-00C04F79EFBC}") = "Unity.InternalAPIEngineBridge.001", "Unity.InternalAPIEngineBridge.001.csproj", "{A5629A9F-95E6-3C74-B9E7-483E86859F46}"
EndProject
Project("{FAE04EC0-301F-11D3-BF4B-00C04F79EFBC}") = "Unity.Burst.Editor", "Unity.Burst.Editor.csproj", "{D18103FE-6138-6FB1-A57E-E078E49DB15B}"
EndProject
Project("{FAE04EC0-301F-11D3-BF4B-00C04F79EFBC}") = "Unity.2D.Common.Editor", "Unity.2D.Common.Editor.csproj", "{AA34351A-24DD-7295-5E3A-2B741C5627F5}"
EndProject
Project("{FAE04EC0-301F-11D3-BF4B-00C04F79EFBC}") = "Unity.2D.Sprite.Editor", "Unity.2D.Sprite.Editor.csproj", "{36417487-9A10-E3E9-8A6D-36795BD0F6D3}"
EndProject
Project("{FAE04EC0-301F-11D3-BF4B-00C04F79EFBC}") = "Unity.2D.PixelPerfect", "Unity.2D.PixelPerfect.csproj", "{C38723FD-1FD2-9AB1-59E7-7D95913AEB4A}"
EndProject
Project("{FAE04EC0-301F-11D3-BF4B-00C04F79EFBC}") = "Unity.2D.PixelPerfect.Editor", "Unity.2D.PixelPerfect.Editor.csproj", "{F5D726EA-04FA-F7E8-9D99-3CD13ECD5FE6}"
EndProject
Project("{FAE04EC0-301F-11D3-BF4B-00C04F79EFBC}") = "Unity.2D.Common.Runtime", "Unity.2D.Common.Runtime.csproj", "{55E4405B-5F1C-3469-3D28-EA4CCEF77EB9}"
EndProject
Project("{FAE04EC0-301F-11D3-BF4B-00C04F79EFBC}") = "Unity.InputSystem.ForUI", "Unity.InputSystem.ForUI.csproj", "{B1DEFA02-19B3-E033-6458-239CBF1E52B9}"
EndProject
Project("{FAE04EC0-301F-11D3-BF4B-00C04F79EFBC}") = "Unity.Mathematics.Editor", "Unity.Mathematics.Editor.csproj", "{92FD2207-DF3C-69F0-5C15-0D53AE4BBDBF}"
EndProject
Project("{FAE04EC0-301F-11D3-BF4B-00C04F79EFBC}") = "Unity.InputSystem.TestFramework", "Unity.InputSystem.TestFramework.csproj", "{132729F2-F83A-EB60-26CA-D89200EC0632}"
EndProject
Project("{FAE04EC0-301F-11D3-BF4B-00C04F79EFBC}") = "Unity.Collections.BurstCompatibilityGen", "Unity.Collections.BurstCompatibilityGen.csproj", "{CEF3EC01-3400-73FD-0C96-9E73FE9C46E8}"
EndProject
Project("{FAE04EC0-301F-11D3-BF4B-00C04F79EFBC}") = "Unity.InternalAPIEditorBridge.005", "Unity.InternalAPIEditorBridge.005.csproj", "{CD658E66-03BF-E70C-E16B-38B92A284646}"
EndProject
Project("{FAE04EC0-301F-11D3-BF4B-00C04F79EFBC}") = "Unity.Collections.DocCodeSamples", "Unity.Collections.DocCodeSamples.csproj", "{B93BE5C2-0100-1393-2544-76D2936E53E0}"
EndProject
Project("{FAE04EC0-301F-11D3-BF4B-00C04F79EFBC}") = "Unity.CollabProxy.Editor", "Unity.CollabProxy.Editor.csproj", "{AC52DD00-4CBA-C2DE-6507-42AF3D8B0A1C}"
EndProject
Project("{FAE04EC0-301F-11D3-BF4B-00C04F79EFBC}") = "Unity.Timeline", "Unity.Timeline.Player.csproj", "{57309B41-6378-357C-1EBF-6BD5E906CFE3}"
EndProject
Project("{FAE04EC0-301F-11D3-BF4B-00C04F79EFBC}") = "Unity.InputSystem", "Unity.InputSystem.Player.csproj", "{02B47022-5DE3-9E2A-1565-9BDFBFB3400E}"
EndProject
Project("{FAE04EC0-301F-11D3-BF4B-00C04F79EFBC}") = "Unity.Mathematics", "Unity.Mathematics.Player.csproj", "{B8296B59-334C-01EF-43E6-23438CB2D148}"
EndProject
Project("{FAE04EC0-301F-11D3-BF4B-00C04F79EFBC}") = "Unity.2D.IK.Runtime", "Unity.2D.IK.Runtime.Player.csproj", "{84DDEC02-36C7-BF91-327B-260C56C52437}"
EndProject
Project("{FAE04EC0-301F-11D3-BF4B-00C04F79EFBC}") = "UnityEngine.TestRunner", "UnityEngine.TestRunner.Player.csproj", "{14D0EAAF-F26B-3234-E5BF-0DE7C59295BB}"
EndProject
Project("{FAE04EC0-301F-11D3-BF4B-00C04F79EFBC}") = "Unity.Burst", "Unity.Burst.Player.csproj", "{67A649E8-495C-866C-C1C2-B726FCEA5023}"
EndProject
Project("{FAE04EC0-301F-11D3-BF4B-00C04F79EFBC}") = "UnityEngine.UI", "UnityEngine.UI.Player.csproj", "{1FD32A4F-A4DE-714E-7F3E-152394DA7AFC}"
EndProject
Project("{FAE04EC0-301F-11D3-BF4B-00C04F79EFBC}") = "Unity.Collections", "Unity.Collections.Player.csproj", "{7EF43130-392A-F77D-9B00-D44FE7E0F047}"
EndProject
Project("{FAE04EC0-301F-11D3-BF4B-00C04F79EFBC}") = "Assembly-CSharp", "Assembly-CSharp.Player.csproj", "{43AD8FCB-0B9E-B792-A1D6-7855723808A7}"
EndProject
Project("{FAE04EC0-301F-11D3-BF4B-00C04F79EFBC}") = "Unity.2D.SpriteShape.Runtime", "Unity.2D.SpriteShape.Runtime.Player.csproj", "{B1E3DA44-AA6F-08C3-0EBD-152FD3C4B47B}"
EndProject
Project("{FAE04EC0-301F-11D3-BF4B-00C04F79EFBC}") = "Unity.2D.Animation.Runtime", "Unity.2D.Animation.Runtime.Player.csproj", "{19943B6E-A14E-8BE9-BDF3-B51105EA3FF1}"
EndProject
Project("{FAE04EC0-301F-11D3-BF4B-00C04F79EFBC}") = "Unity.2D.Tilemap.Extras", "Unity.2D.Tilemap.Extras.Player.csproj", "{4EC8578A-E612-7A48-1866-413C43FB0244}"
EndProject
Project("{FAE04EC0-301F-11D3-BF4B-00C04F79EFBC}") = "Unity.TextMeshPro", "Unity.TextMeshPro.Player.csproj", "{79001F1D-0216-849F-76B3-CB1C8A1EDE14}"
EndProject
Project("{FAE04EC0-301F-11D3-BF4B-00C04F79EFBC}") = "Unity.InternalAPIEngineBridge.001", "Unity.InternalAPIEngineBridge.001.Player.csproj", "{63DD5187-46F4-CD8F-7AB4-745441B5024A}"
EndProject
Project("{FAE04EC0-301F-11D3-BF4B-00C04F79EFBC}") = "Unity.2D.PixelPerfect", "Unity.2D.PixelPerfect.Player.csproj", "{8B9CE971-C10D-35F0-EC0D-F510C8B551F8}"
EndProject
Project("{FAE04EC0-301F-11D3-BF4B-00C04F79EFBC}") = "Unity.2D.Common.Runtime", "Unity.2D.Common.Runtime.Player.csproj", "{98D071C0-A98C-1734-E680-13109C4BF462}"
EndProject
Project("{FAE04EC0-301F-11D3-BF4B-00C04F79EFBC}") = "Unity.InputSystem.ForUI", "Unity.InputSystem.ForUI.Player.csproj", "{F41DFD59-8024-1794-D7BF-236E5E17656D}"
EndProject
Project("{FAE04EC0-301F-11D3-BF4B-00C04F79EFBC}") = "Unity.InputSystem.TestFramework", "Unity.InputSystem.TestFramework.Player.csproj", "{58EBFCF1-2CEE-F97B-2466-267B73756DCA}"
EndProject
Global
	GlobalSection(SolutionConfigurationPlatforms) = preSolution
		Debug|Any CPU = Debug|Any CPU
		Release|Any CPU = Release|Any CPU
	EndGlobalSection
	GlobalSection(ProjectConfigurationPlatforms) = postSolution
		{B2E2E3F7-CED7-E1CF-69CE-F35EE811B53D}.Debug|Any CPU.ActiveCfg = Debug|Any CPU
		{B2E2E3F7-CED7-E1CF-69CE-F35EE811B53D}.Debug|Any CPU.Build.0 = Debug|Any CPU
		{B2E2E3F7-CED7-E1CF-69CE-F35EE811B53D}.Release|Any CPU.ActiveCfg = Release|Any CPU
		{B2E2E3F7-CED7-E1CF-69CE-F35EE811B53D}.Release|Any CPU.Build.0 = Release|Any CPU
		{6816D764-B9A7-0363-7C14-3FE767CF23C4}.Debug|Any CPU.ActiveCfg = Debug|Any CPU
		{6816D764-B9A7-0363-7C14-3FE767CF23C4}.Debug|Any CPU.Build.0 = Debug|Any CPU
		{6816D764-B9A7-0363-7C14-3FE767CF23C4}.Release|Any CPU.ActiveCfg = Release|Any CPU
		{6816D764-B9A7-0363-7C14-3FE767CF23C4}.Release|Any CPU.Build.0 = Release|Any CPU
		{D3D6DD6B-6AD7-D124-517F-1E49895F1E9F}.Debug|Any CPU.ActiveCfg = Debug|Any CPU
		{D3D6DD6B-6AD7-D124-517F-1E49895F1E9F}.Debug|Any CPU.Build.0 = Debug|Any CPU
		{D3D6DD6B-6AD7-D124-517F-1E49895F1E9F}.Release|Any CPU.ActiveCfg = Release|Any CPU
		{D3D6DD6B-6AD7-D124-517F-1E49895F1E9F}.Release|Any CPU.Build.0 = Release|Any CPU
		{28EEA4AE-BCBF-3FA2-F1CC-260994B0C42E}.Debug|Any CPU.ActiveCfg = Debug|Any CPU
		{28EEA4AE-BCBF-3FA2-F1CC-260994B0C42E}.Debug|Any CPU.Build.0 = Debug|Any CPU
		{28EEA4AE-BCBF-3FA2-F1CC-260994B0C42E}.Release|Any CPU.ActiveCfg = Release|Any CPU
		{28EEA4AE-BCBF-3FA2-F1CC-260994B0C42E}.Release|Any CPU.Build.0 = Release|Any CPU
		{374C71CC-52AD-50C3-2333-E36BDB54B07B}.Debug|Any CPU.ActiveCfg = Debug|Any CPU
		{374C71CC-52AD-50C3-2333-E36BDB54B07B}.Debug|Any CPU.Build.0 = Debug|Any CPU
		{374C71CC-52AD-50C3-2333-E36BDB54B07B}.Release|Any CPU.ActiveCfg = Release|Any CPU
		{374C71CC-52AD-50C3-2333-E36BDB54B07B}.Release|Any CPU.Build.0 = Release|Any CPU
		{C0630C80-EEFF-21F8-234B-D7FB50F0AFDB}.Debug|Any CPU.ActiveCfg = Debug|Any CPU
		{C0630C80-EEFF-21F8-234B-D7FB50F0AFDB}.Debug|Any CPU.Build.0 = Debug|Any CPU
		{C0630C80-EEFF-21F8-234B-D7FB50F0AFDB}.Release|Any CPU.ActiveCfg = Release|Any CPU
		{C0630C80-EEFF-21F8-234B-D7FB50F0AFDB}.Release|Any CPU.Build.0 = Release|Any CPU
		{2D96B6C6-8F1E-0CCB-42C0-784D0028846B}.Debug|Any CPU.ActiveCfg = Debug|Any CPU
		{2D96B6C6-8F1E-0CCB-42C0-784D0028846B}.Debug|Any CPU.Build.0 = Debug|Any CPU
		{2D96B6C6-8F1E-0CCB-42C0-784D0028846B}.Release|Any CPU.ActiveCfg = Release|Any CPU
		{2D96B6C6-8F1E-0CCB-42C0-784D0028846B}.Release|Any CPU.Build.0 = Release|Any CPU
		{D4880093-C78C-DDFD-2337-DA65DCF3480F}.Debug|Any CPU.ActiveCfg = Debug|Any CPU
		{D4880093-C78C-DDFD-2337-DA65DCF3480F}.Debug|Any CPU.Build.0 = Debug|Any CPU
		{D4880093-C78C-DDFD-2337-DA65DCF3480F}.Release|Any CPU.ActiveCfg = Release|Any CPU
		{D4880093-C78C-DDFD-2337-DA65DCF3480F}.Release|Any CPU.Build.0 = Release|Any CPU
		{78AB15E0-EF6F-0F89-9F7C-76344A4C56DE}.Debug|Any CPU.ActiveCfg = Debug|Any CPU
		{78AB15E0-EF6F-0F89-9F7C-76344A4C56DE}.Debug|Any CPU.Build.0 = Debug|Any CPU
		{78AB15E0-EF6F-0F89-9F7C-76344A4C56DE}.Release|Any CPU.ActiveCfg = Release|Any CPU
		{78AB15E0-EF6F-0F89-9F7C-76344A4C56DE}.Release|Any CPU.Build.0 = Release|Any CPU
		{169583D8-F346-1728-425E-7CB5427CB245}.Debug|Any CPU.ActiveCfg = Debug|Any CPU
		{169583D8-F346-1728-425E-7CB5427CB245}.Debug|Any CPU.Build.0 = Debug|Any CPU
		{169583D8-F346-1728-425E-7CB5427CB245}.Release|Any CPU.ActiveCfg = Release|Any CPU
		{169583D8-F346-1728-425E-7CB5427CB245}.Release|Any CPU.Build.0 = Release|Any CPU
		{1F21BD49-B68D-7C50-CD9C-7E82CC7409AC}.Debug|Any CPU.ActiveCfg = Debug|Any CPU
		{1F21BD49-B68D-7C50-CD9C-7E82CC7409AC}.Debug|Any CPU.Build.0 = Debug|Any CPU
		{1F21BD49-B68D-7C50-CD9C-7E82CC7409AC}.Release|Any CPU.ActiveCfg = Release|Any CPU
		{1F21BD49-B68D-7C50-CD9C-7E82CC7409AC}.Release|Any CPU.Build.0 = Release|Any CPU
		{3FC2D8ED-8BDC-7523-9F85-F1145811E617}.Debug|Any CPU.ActiveCfg = Debug|Any CPU
		{3FC2D8ED-8BDC-7523-9F85-F1145811E617}.Debug|Any CPU.Build.0 = Debug|Any CPU
		{3FC2D8ED-8BDC-7523-9F85-F1145811E617}.Release|Any CPU.ActiveCfg = Release|Any CPU
		{3FC2D8ED-8BDC-7523-9F85-F1145811E617}.Release|Any CPU.Build.0 = Release|Any CPU
		{9B46F41A-FFAF-AD30-B388-9CFCCAC03769}.Debug|Any CPU.ActiveCfg = Debug|Any CPU
		{9B46F41A-FFAF-AD30-B388-9CFCCAC03769}.Debug|Any CPU.Build.0 = Debug|Any CPU
		{9B46F41A-FFAF-AD30-B388-9CFCCAC03769}.Release|Any CPU.ActiveCfg = Release|Any CPU
		{9B46F41A-FFAF-AD30-B388-9CFCCAC03769}.Release|Any CPU.Build.0 = Release|Any CPU
		{1BF527FB-E33D-9139-DCE6-C8F9B03C9A8B}.Debug|Any CPU.ActiveCfg = Debug|Any CPU
		{1BF527FB-E33D-9139-DCE6-C8F9B03C9A8B}.Debug|Any CPU.Build.0 = Debug|Any CPU
		{1BF527FB-E33D-9139-DCE6-C8F9B03C9A8B}.Release|Any CPU.ActiveCfg = Release|Any CPU
		{1BF527FB-E33D-9139-DCE6-C8F9B03C9A8B}.Release|Any CPU.Build.0 = Release|Any CPU
		{B76D5926-5494-B9BE-269D-753665EF3EA1}.Debug|Any CPU.ActiveCfg = Debug|Any CPU
		{B76D5926-5494-B9BE-269D-753665EF3EA1}.Debug|Any CPU.Build.0 = Debug|Any CPU
		{B76D5926-5494-B9BE-269D-753665EF3EA1}.Release|Any CPU.ActiveCfg = Release|Any CPU
		{B76D5926-5494-B9BE-269D-753665EF3EA1}.Release|Any CPU.Build.0 = Release|Any CPU
		{026676B1-F02C-AB6F-4E54-7F052F0005C3}.Debug|Any CPU.ActiveCfg = Debug|Any CPU
		{026676B1-F02C-AB6F-4E54-7F052F0005C3}.Debug|Any CPU.Build.0 = Debug|Any CPU
		{026676B1-F02C-AB6F-4E54-7F052F0005C3}.Release|Any CPU.ActiveCfg = Release|Any CPU
		{026676B1-F02C-AB6F-4E54-7F052F0005C3}.Release|Any CPU.Build.0 = Release|Any CPU
		{18039863-A2CA-8608-7894-AA7F29C49A89}.Debug|Any CPU.ActiveCfg = Debug|Any CPU
		{18039863-A2CA-8608-7894-AA7F29C49A89}.Debug|Any CPU.Build.0 = Debug|Any CPU
		{18039863-A2CA-8608-7894-AA7F29C49A89}.Release|Any CPU.ActiveCfg = Release|Any CPU
		{18039863-A2CA-8608-7894-AA7F29C49A89}.Release|Any CPU.Build.0 = Release|Any CPU
		{BC68B77A-BECE-0F04-B457-A89CD45D8312}.Debug|Any CPU.ActiveCfg = Debug|Any CPU
		{BC68B77A-BECE-0F04-B457-A89CD45D8312}.Debug|Any CPU.Build.0 = Debug|Any CPU
		{BC68B77A-BECE-0F04-B457-A89CD45D8312}.Release|Any CPU.ActiveCfg = Release|Any CPU
		{BC68B77A-BECE-0F04-B457-A89CD45D8312}.Release|Any CPU.Build.0 = Release|Any CPU
		{E512FFAA-482B-8951-6C3C-4260FB9A711B}.Debug|Any CPU.ActiveCfg = Debug|Any CPU
		{E512FFAA-482B-8951-6C3C-4260FB9A711B}.Debug|Any CPU.Build.0 = Debug|Any CPU
		{E512FFAA-482B-8951-6C3C-4260FB9A711B}.Release|Any CPU.ActiveCfg = Release|Any CPU
		{E512FFAA-482B-8951-6C3C-4260FB9A711B}.Release|Any CPU.Build.0 = Release|Any CPU
		{07E2D664-D566-09D4-972F-54AA257D73FD}.Debug|Any CPU.ActiveCfg = Debug|Any CPU
		{07E2D664-D566-09D4-972F-54AA257D73FD}.Debug|Any CPU.Build.0 = Debug|Any CPU
		{07E2D664-D566-09D4-972F-54AA257D73FD}.Release|Any CPU.ActiveCfg = Release|Any CPU
		{07E2D664-D566-09D4-972F-54AA257D73FD}.Release|Any CPU.Build.0 = Release|Any CPU
		{9F6F844B-CF9F-FCC5-4775-4056B7CDB1F3}.Debug|Any CPU.ActiveCfg = Debug|Any CPU
		{9F6F844B-CF9F-FCC5-4775-4056B7CDB1F3}.Debug|Any CPU.Build.0 = Debug|Any CPU
		{9F6F844B-CF9F-FCC5-4775-4056B7CDB1F3}.Release|Any CPU.ActiveCfg = Release|Any CPU
		{9F6F844B-CF9F-FCC5-4775-4056B7CDB1F3}.Release|Any CPU.Build.0 = Release|Any CPU
		{DDE54FB3-F534-098D-DB5A-CBE0F5749B27}.Debug|Any CPU.ActiveCfg = Debug|Any CPU
		{DDE54FB3-F534-098D-DB5A-CBE0F5749B27}.Debug|Any CPU.Build.0 = Debug|Any CPU
		{DDE54FB3-F534-098D-DB5A-CBE0F5749B27}.Release|Any CPU.ActiveCfg = Release|Any CPU
		{DDE54FB3-F534-098D-DB5A-CBE0F5749B27}.Release|Any CPU.Build.0 = Release|Any CPU
		{3F2F581F-1813-3DCD-326A-C10FAC68FBB2}.Debug|Any CPU.ActiveCfg = Debug|Any CPU
		{3F2F581F-1813-3DCD-326A-C10FAC68FBB2}.Debug|Any CPU.Build.0 = Debug|Any CPU
		{3F2F581F-1813-3DCD-326A-C10FAC68FBB2}.Release|Any CPU.ActiveCfg = Release|Any CPU
		{3F2F581F-1813-3DCD-326A-C10FAC68FBB2}.Release|Any CPU.Build.0 = Release|Any CPU
		{D4928162-61EB-B6D6-A499-476F7277815F}.Debug|Any CPU.ActiveCfg = Debug|Any CPU
		{D4928162-61EB-B6D6-A499-476F7277815F}.Debug|Any CPU.Build.0 = Debug|Any CPU
		{D4928162-61EB-B6D6-A499-476F7277815F}.Release|Any CPU.ActiveCfg = Release|Any CPU
		{D4928162-61EB-B6D6-A499-476F7277815F}.Release|Any CPU.Build.0 = Release|Any CPU
		{B033585B-C158-19B6-E5D0-86002B437C00}.Debug|Any CPU.ActiveCfg = Debug|Any CPU
		{B033585B-C158-19B6-E5D0-86002B437C00}.Debug|Any CPU.Build.0 = Debug|Any CPU
		{B033585B-C158-19B6-E5D0-86002B437C00}.Release|Any CPU.ActiveCfg = Release|Any CPU
		{B033585B-C158-19B6-E5D0-86002B437C00}.Release|Any CPU.Build.0 = Release|Any CPU
		{2BBC9FC8-4684-A23B-4EA7-840FAB9D99D7}.Debug|Any CPU.ActiveCfg = Debug|Any CPU
		{2BBC9FC8-4684-A23B-4EA7-840FAB9D99D7}.Debug|Any CPU.Build.0 = Debug|Any CPU
		{2BBC9FC8-4684-A23B-4EA7-840FAB9D99D7}.Release|Any CPU.ActiveCfg = Release|Any CPU
		{2BBC9FC8-4684-A23B-4EA7-840FAB9D99D7}.Release|Any CPU.Build.0 = Release|Any CPU
		{3462A585-A087-DA9F-F334-5148D51D87DC}.Debug|Any CPU.ActiveCfg = Debug|Any CPU
		{3462A585-A087-DA9F-F334-5148D51D87DC}.Debug|Any CPU.Build.0 = Debug|Any CPU
		{3462A585-A087-DA9F-F334-5148D51D87DC}.Release|Any CPU.ActiveCfg = Release|Any CPU
		{3462A585-A087-DA9F-F334-5148D51D87DC}.Release|Any CPU.Build.0 = Release|Any CPU
		{5A71EA55-5B8A-FC01-28D4-FEC435071E8C}.Debug|Any CPU.ActiveCfg = Debug|Any CPU
		{5A71EA55-5B8A-FC01-28D4-FEC435071E8C}.Debug|Any CPU.Build.0 = Debug|Any CPU
		{5A71EA55-5B8A-FC01-28D4-FEC435071E8C}.Release|Any CPU.ActiveCfg = Release|Any CPU
		{5A71EA55-5B8A-FC01-28D4-FEC435071E8C}.Release|Any CPU.Build.0 = Release|Any CPU
		{812BB197-7840-9773-3893-CC671A293293}.Debug|Any CPU.ActiveCfg = Debug|Any CPU
		{812BB197-7840-9773-3893-CC671A293293}.Debug|Any CPU.Build.0 = Debug|Any CPU
		{812BB197-7840-9773-3893-CC671A293293}.Release|Any CPU.ActiveCfg = Release|Any CPU
		{812BB197-7840-9773-3893-CC671A293293}.Release|Any CPU.Build.0 = Release|Any CPU
		{3697A571-312E-38DE-8057-8E7FA92F1945}.Debug|Any CPU.ActiveCfg = Debug|Any CPU
		{3697A571-312E-38DE-8057-8E7FA92F1945}.Debug|Any CPU.Build.0 = Debug|Any CPU
		{3697A571-312E-38DE-8057-8E7FA92F1945}.Release|Any CPU.ActiveCfg = Release|Any CPU
		{3697A571-312E-38DE-8057-8E7FA92F1945}.Release|Any CPU.Build.0 = Release|Any CPU
		{B9F5D9E8-4A86-B92A-C73F-76D035670CEB}.Debug|Any CPU.ActiveCfg = Debug|Any CPU
		{B9F5D9E8-4A86-B92A-C73F-76D035670CEB}.Debug|Any CPU.Build.0 = Debug|Any CPU
		{B9F5D9E8-4A86-B92A-C73F-76D035670CEB}.Release|Any CPU.ActiveCfg = Release|Any CPU
		{B9F5D9E8-4A86-B92A-C73F-76D035670CEB}.Release|Any CPU.Build.0 = Release|Any CPU
		{7BA3FC65-D1F8-4533-2A1F-CDD408F27206}.Debug|Any CPU.ActiveCfg = Debug|Any CPU
		{7BA3FC65-D1F8-4533-2A1F-CDD408F27206}.Debug|Any CPU.Build.0 = Debug|Any CPU
		{7BA3FC65-D1F8-4533-2A1F-CDD408F27206}.Release|Any CPU.ActiveCfg = Release|Any CPU
		{7BA3FC65-D1F8-4533-2A1F-CDD408F27206}.Release|Any CPU.Build.0 = Release|Any CPU
		{A5629A9F-95E6-3C74-B9E7-483E86859F46}.Debug|Any CPU.ActiveCfg = Debug|Any CPU
		{A5629A9F-95E6-3C74-B9E7-483E86859F46}.Debug|Any CPU.Build.0 = Debug|Any CPU
		{A5629A9F-95E6-3C74-B9E7-483E86859F46}.Release|Any CPU.ActiveCfg = Release|Any CPU
		{A5629A9F-95E6-3C74-B9E7-483E86859F46}.Release|Any CPU.Build.0 = Release|Any CPU
		{D18103FE-6138-6FB1-A57E-E078E49DB15B}.Debug|Any CPU.ActiveCfg = Debug|Any CPU
		{D18103FE-6138-6FB1-A57E-E078E49DB15B}.Debug|Any CPU.Build.0 = Debug|Any CPU
		{D18103FE-6138-6FB1-A57E-E078E49DB15B}.Release|Any CPU.ActiveCfg = Release|Any CPU
		{D18103FE-6138-6FB1-A57E-E078E49DB15B}.Release|Any CPU.Build.0 = Release|Any CPU
		{AA34351A-24DD-7295-5E3A-2B741C5627F5}.Debug|Any CPU.ActiveCfg = Debug|Any CPU
		{AA34351A-24DD-7295-5E3A-2B741C5627F5}.Debug|Any CPU.Build.0 = Debug|Any CPU
		{AA34351A-24DD-7295-5E3A-2B741C5627F5}.Release|Any CPU.ActiveCfg = Release|Any CPU
		{AA34351A-24DD-7295-5E3A-2B741C5627F5}.Release|Any CPU.Build.0 = Release|Any CPU
		{36417487-9A10-E3E9-8A6D-36795BD0F6D3}.Debug|Any CPU.ActiveCfg = Debug|Any CPU
		{36417487-9A10-E3E9-8A6D-36795BD0F6D3}.Debug|Any CPU.Build.0 = Debug|Any CPU
		{36417487-9A10-E3E9-8A6D-36795BD0F6D3}.Release|Any CPU.ActiveCfg = Release|Any CPU
		{36417487-9A10-E3E9-8A6D-36795BD0F6D3}.Release|Any CPU.Build.0 = Release|Any CPU
		{C38723FD-1FD2-9AB1-59E7-7D95913AEB4A}.Debug|Any CPU.ActiveCfg = Debug|Any CPU
		{C38723FD-1FD2-9AB1-59E7-7D95913AEB4A}.Debug|Any CPU.Build.0 = Debug|Any CPU
		{C38723FD-1FD2-9AB1-59E7-7D95913AEB4A}.Release|Any CPU.ActiveCfg = Release|Any CPU
		{C38723FD-1FD2-9AB1-59E7-7D95913AEB4A}.Release|Any CPU.Build.0 = Release|Any CPU
		{F5D726EA-04FA-F7E8-9D99-3CD13ECD5FE6}.Debug|Any CPU.ActiveCfg = Debug|Any CPU
		{F5D726EA-04FA-F7E8-9D99-3CD13ECD5FE6}.Debug|Any CPU.Build.0 = Debug|Any CPU
		{F5D726EA-04FA-F7E8-9D99-3CD13ECD5FE6}.Release|Any CPU.ActiveCfg = Release|Any CPU
		{F5D726EA-04FA-F7E8-9D99-3CD13ECD5FE6}.Release|Any CPU.Build.0 = Release|Any CPU
		{55E4405B-5F1C-3469-3D28-EA4CCEF77EB9}.Debug|Any CPU.ActiveCfg = Debug|Any CPU
		{55E4405B-5F1C-3469-3D28-EA4CCEF77EB9}.Debug|Any CPU.Build.0 = Debug|Any CPU
		{55E4405B-5F1C-3469-3D28-EA4CCEF77EB9}.Release|Any CPU.ActiveCfg = Release|Any CPU
		{55E4405B-5F1C-3469-3D28-EA4CCEF77EB9}.Release|Any CPU.Build.0 = Release|Any CPU
		{B1DEFA02-19B3-E033-6458-239CBF1E52B9}.Debug|Any CPU.ActiveCfg = Debug|Any CPU
		{B1DEFA02-19B3-E033-6458-239CBF1E52B9}.Debug|Any CPU.Build.0 = Debug|Any CPU
		{B1DEFA02-19B3-E033-6458-239CBF1E52B9}.Release|Any CPU.ActiveCfg = Release|Any CPU
		{B1DEFA02-19B3-E033-6458-239CBF1E52B9}.Release|Any CPU.Build.0 = Release|Any CPU
		{92FD2207-DF3C-69F0-5C15-0D53AE4BBDBF}.Debug|Any CPU.ActiveCfg = Debug|Any CPU
		{92FD2207-DF3C-69F0-5C15-0D53AE4BBDBF}.Debug|Any CPU.Build.0 = Debug|Any CPU
		{92FD2207-DF3C-69F0-5C15-0D53AE4BBDBF}.Release|Any CPU.ActiveCfg = Release|Any CPU
		{92FD2207-DF3C-69F0-5C15-0D53AE4BBDBF}.Release|Any CPU.Build.0 = Release|Any CPU
		{132729F2-F83A-EB60-26CA-D89200EC0632}.Debug|Any CPU.ActiveCfg = Debug|Any CPU
		{132729F2-F83A-EB60-26CA-D89200EC0632}.Debug|Any CPU.Build.0 = Debug|Any CPU
		{132729F2-F83A-EB60-26CA-D89200EC0632}.Release|Any CPU.ActiveCfg = Release|Any CPU
		{132729F2-F83A-EB60-26CA-D89200EC0632}.Release|Any CPU.Build.0 = Release|Any CPU
		{CEF3EC01-3400-73FD-0C96-9E73FE9C46E8}.Debug|Any CPU.ActiveCfg = Debug|Any CPU
		{CEF3EC01-3400-73FD-0C96-9E73FE9C46E8}.Debug|Any CPU.Build.0 = Debug|Any CPU
		{CEF3EC01-3400-73FD-0C96-9E73FE9C46E8}.Release|Any CPU.ActiveCfg = Release|Any CPU
		{CEF3EC01-3400-73FD-0C96-9E73FE9C46E8}.Release|Any CPU.Build.0 = Release|Any CPU
		{CD658E66-03BF-E70C-E16B-38B92A284646}.Debug|Any CPU.ActiveCfg = Debug|Any CPU
		{CD658E66-03BF-E70C-E16B-38B92A284646}.Debug|Any CPU.Build.0 = Debug|Any CPU
		{CD658E66-03BF-E70C-E16B-38B92A284646}.Release|Any CPU.ActiveCfg = Release|Any CPU
		{CD658E66-03BF-E70C-E16B-38B92A284646}.Release|Any CPU.Build.0 = Release|Any CPU
		{B93BE5C2-0100-1393-2544-76D2936E53E0}.Debug|Any CPU.ActiveCfg = Debug|Any CPU
		{B93BE5C2-0100-1393-2544-76D2936E53E0}.Debug|Any CPU.Build.0 = Debug|Any CPU
		{B93BE5C2-0100-1393-2544-76D2936E53E0}.Release|Any CPU.ActiveCfg = Release|Any CPU
		{B93BE5C2-0100-1393-2544-76D2936E53E0}.Release|Any CPU.Build.0 = Release|Any CPU
		{AC52DD00-4CBA-C2DE-6507-42AF3D8B0A1C}.Debug|Any CPU.ActiveCfg = Debug|Any CPU
		{AC52DD00-4CBA-C2DE-6507-42AF3D8B0A1C}.Debug|Any CPU.Build.0 = Debug|Any CPU
		{AC52DD00-4CBA-C2DE-6507-42AF3D8B0A1C}.Release|Any CPU.ActiveCfg = Release|Any CPU
		{AC52DD00-4CBA-C2DE-6507-42AF3D8B0A1C}.Release|Any CPU.Build.0 = Release|Any CPU
		{57309B41-6378-357C-1EBF-6BD5E906CFE3}.Debug|Any CPU.ActiveCfg = Debug|Any CPU
		{57309B41-6378-357C-1EBF-6BD5E906CFE3}.Debug|Any CPU.Build.0 = Debug|Any CPU
		{57309B41-6378-357C-1EBF-6BD5E906CFE3}.Release|Any CPU.ActiveCfg = Release|Any CPU
		{57309B41-6378-357C-1EBF-6BD5E906CFE3}.Release|Any CPU.Build.0 = Release|Any CPU
		{02B47022-5DE3-9E2A-1565-9BDFBFB3400E}.Debug|Any CPU.ActiveCfg = Debug|Any CPU
		{02B47022-5DE3-9E2A-1565-9BDFBFB3400E}.Debug|Any CPU.Build.0 = Debug|Any CPU
		{02B47022-5DE3-9E2A-1565-9BDFBFB3400E}.Release|Any CPU.ActiveCfg = Release|Any CPU
		{02B47022-5DE3-9E2A-1565-9BDFBFB3400E}.Release|Any CPU.Build.0 = Release|Any CPU
		{B8296B59-334C-01EF-43E6-23438CB2D148}.Debug|Any CPU.ActiveCfg = Debug|Any CPU
		{B8296B59-334C-01EF-43E6-23438CB2D148}.Debug|Any CPU.Build.0 = Debug|Any CPU
		{B8296B59-334C-01EF-43E6-23438CB2D148}.Release|Any CPU.ActiveCfg = Release|Any CPU
		{B8296B59-334C-01EF-43E6-23438CB2D148}.Release|Any CPU.Build.0 = Release|Any CPU
		{84DDEC02-36C7-BF91-327B-260C56C52437}.Debug|Any CPU.ActiveCfg = Debug|Any CPU
		{84DDEC02-36C7-BF91-327B-260C56C52437}.Debug|Any CPU.Build.0 = Debug|Any CPU
		{84DDEC02-36C7-BF91-327B-260C56C52437}.Release|Any CPU.ActiveCfg = Release|Any CPU
		{84DDEC02-36C7-BF91-327B-260C56C52437}.Release|Any CPU.Build.0 = Release|Any CPU
		{14D0EAAF-F26B-3234-E5BF-0DE7C59295BB}.Debug|Any CPU.ActiveCfg = Debug|Any CPU
		{14D0EAAF-F26B-3234-E5BF-0DE7C59295BB}.Debug|Any CPU.Build.0 = Debug|Any CPU
		{14D0EAAF-F26B-3234-E5BF-0DE7C59295BB}.Release|Any CPU.ActiveCfg = Release|Any CPU
		{14D0EAAF-F26B-3234-E5BF-0DE7C59295BB}.Release|Any CPU.Build.0 = Release|Any CPU
		{67A649E8-495C-866C-C1C2-B726FCEA5023}.Debug|Any CPU.ActiveCfg = Debug|Any CPU
		{67A649E8-495C-866C-C1C2-B726FCEA5023}.Debug|Any CPU.Build.0 = Debug|Any CPU
		{67A649E8-495C-866C-C1C2-B726FCEA5023}.Release|Any CPU.ActiveCfg = Release|Any CPU
		{67A649E8-495C-866C-C1C2-B726FCEA5023}.Release|Any CPU.Build.0 = Release|Any CPU
		{1FD32A4F-A4DE-714E-7F3E-152394DA7AFC}.Debug|Any CPU.ActiveCfg = Debug|Any CPU
		{1FD32A4F-A4DE-714E-7F3E-152394DA7AFC}.Debug|Any CPU.Build.0 = Debug|Any CPU
		{1FD32A4F-A4DE-714E-7F3E-152394DA7AFC}.Release|Any CPU.ActiveCfg = Release|Any CPU
		{1FD32A4F-A4DE-714E-7F3E-152394DA7AFC}.Release|Any CPU.Build.0 = Release|Any CPU
		{7EF43130-392A-F77D-9B00-D44FE7E0F047}.Debug|Any CPU.ActiveCfg = Debug|Any CPU
		{7EF43130-392A-F77D-9B00-D44FE7E0F047}.Debug|Any CPU.Build.0 = Debug|Any CPU
		{7EF43130-392A-F77D-9B00-D44FE7E0F047}.Release|Any CPU.ActiveCfg = Release|Any CPU
		{7EF43130-392A-F77D-9B00-D44FE7E0F047}.Release|Any CPU.Build.0 = Release|Any CPU
		{43AD8FCB-0B9E-B792-A1D6-7855723808A7}.Debug|Any CPU.ActiveCfg = Debug|Any CPU
		{43AD8FCB-0B9E-B792-A1D6-7855723808A7}.Debug|Any CPU.Build.0 = Debug|Any CPU
		{43AD8FCB-0B9E-B792-A1D6-7855723808A7}.Release|Any CPU.ActiveCfg = Release|Any CPU
		{43AD8FCB-0B9E-B792-A1D6-7855723808A7}.Release|Any CPU.Build.0 = Release|Any CPU
		{B1E3DA44-AA6F-08C3-0EBD-152FD3C4B47B}.Debug|Any CPU.ActiveCfg = Debug|Any CPU
		{B1E3DA44-AA6F-08C3-0EBD-152FD3C4B47B}.Debug|Any CPU.Build.0 = Debug|Any CPU
		{B1E3DA44-AA6F-08C3-0EBD-152FD3C4B47B}.Release|Any CPU.ActiveCfg = Release|Any CPU
		{B1E3DA44-AA6F-08C3-0EBD-152FD3C4B47B}.Release|Any CPU.Build.0 = Release|Any CPU
		{19943B6E-A14E-8BE9-BDF3-B51105EA3FF1}.Debug|Any CPU.ActiveCfg = Debug|Any CPU
		{19943B6E-A14E-8BE9-BDF3-B51105EA3FF1}.Debug|Any CPU.Build.0 = Debug|Any CPU
		{19943B6E-A14E-8BE9-BDF3-B51105EA3FF1}.Release|Any CPU.ActiveCfg = Release|Any CPU
		{19943B6E-A14E-8BE9-BDF3-B51105EA3FF1}.Release|Any CPU.Build.0 = Release|Any CPU
		{4EC8578A-E612-7A48-1866-413C43FB0244}.Debug|Any CPU.ActiveCfg = Debug|Any CPU
		{4EC8578A-E612-7A48-1866-413C43FB0244}.Debug|Any CPU.Build.0 = Debug|Any CPU
		{4EC8578A-E612-7A48-1866-413C43FB0244}.Release|Any CPU.ActiveCfg = Release|Any CPU
		{4EC8578A-E612-7A48-1866-413C43FB0244}.Release|Any CPU.Build.0 = Release|Any CPU
		{79001F1D-0216-849F-76B3-CB1C8A1EDE14}.Debug|Any CPU.ActiveCfg = Debug|Any CPU
		{79001F1D-0216-849F-76B3-CB1C8A1EDE14}.Debug|Any CPU.Build.0 = Debug|Any CPU
		{79001F1D-0216-849F-76B3-CB1C8A1EDE14}.Release|Any CPU.ActiveCfg = Release|Any CPU
		{79001F1D-0216-849F-76B3-CB1C8A1EDE14}.Release|Any CPU.Build.0 = Release|Any CPU
		{63DD5187-46F4-CD8F-7AB4-745441B5024A}.Debug|Any CPU.ActiveCfg = Debug|Any CPU
		{63DD5187-46F4-CD8F-7AB4-745441B5024A}.Debug|Any CPU.Build.0 = Debug|Any CPU
		{63DD5187-46F4-CD8F-7AB4-745441B5024A}.Release|Any CPU.ActiveCfg = Release|Any CPU
		{63DD5187-46F4-CD8F-7AB4-745441B5024A}.Release|Any CPU.Build.0 = Release|Any CPU
		{8B9CE971-C10D-35F0-EC0D-F510C8B551F8}.Debug|Any CPU.ActiveCfg = Debug|Any CPU
		{8B9CE971-C10D-35F0-EC0D-F510C8B551F8}.Debug|Any CPU.Build.0 = Debug|Any CPU
		{8B9CE971-C10D-35F0-EC0D-F510C8B551F8}.Release|Any CPU.ActiveCfg = Release|Any CPU
		{8B9CE971-C10D-35F0-EC0D-F510C8B551F8}.Release|Any CPU.Build.0 = Release|Any CPU
		{98D071C0-A98C-1734-E680-13109C4BF462}.Debug|Any CPU.ActiveCfg = Debug|Any CPU
		{98D071C0-A98C-1734-E680-13109C4BF462}.Debug|Any CPU.Build.0 = Debug|Any CPU
		{98D071C0-A98C-1734-E680-13109C4BF462}.Release|Any CPU.ActiveCfg = Release|Any CPU
		{98D071C0-A98C-1734-E680-13109C4BF462}.Release|Any CPU.Build.0 = Release|Any CPU
		{F41DFD59-8024-1794-D7BF-236E5E17656D}.Debug|Any CPU.ActiveCfg = Debug|Any CPU
		{F41DFD59-8024-1794-D7BF-236E5E17656D}.Debug|Any CPU.Build.0 = Debug|Any CPU
		{F41DFD59-8024-1794-D7BF-236E5E17656D}.Release|Any CPU.ActiveCfg = Release|Any CPU
		{F41DFD59-8024-1794-D7BF-236E5E17656D}.Release|Any CPU.Build.0 = Release|Any CPU
		{58EBFCF1-2CEE-F97B-2466-267B73756DCA}.Debug|Any CPU.ActiveCfg = Debug|Any CPU
		{58EBFCF1-2CEE-F97B-2466-267B73756DCA}.Debug|Any CPU.Build.0 = Debug|Any CPU
		{58EBFCF1-2CEE-F97B-2466-267B73756DCA}.Release|Any CPU.ActiveCfg = Release|Any CPU
		{58EBFCF1-2CEE-F97B-2466-267B73756DCA}.Release|Any CPU.Build.0 = Release|Any CPU
	EndGlobalSection
	GlobalSection(SolutionProperties) = preSolution
		HideSolutionNode = FALSE
	EndGlobalSection
EndGlobal
