
Microsoft Visual Studio Solution File, Format Version 12.00
# Visual Studio 15
Project("{FAE04EC0-301F-11D3-BF4B-00C04F79EFBC}") = "Unity.Timeline", "Unity.Timeline.csproj", "{6E7A4B8D-A7D5-0472-37E9-E7AD8D5F3528}"
EndProject
Project("{FAE04EC0-301F-11D3-BF4B-00C04F79EFBC}") = "Unity.Timeline.Editor", "Unity.Timeline.Editor.csproj", "{8FAE1494-C31F-6486-1153-426A63673D0B}"
EndProject
Project("{FAE04EC0-301F-11D3-BF4B-00C04F79EFBC}") = "Unity.2D.Tilemap.Editor", "Unity.2D.Tilemap.Editor.csproj", "{7C5661E9-AA7D-A210-87AC-EC021BF4335F}"
EndProject
Project("{FAE04EC0-301F-11D3-BF4B-00C04F79EFBC}") = "Unity.TextMeshPro.Editor", "Unity.TextMeshPro.Editor.csproj", "{8D6D1894-B7B5-F226-9886-15C595EAD870}"
EndProject
Project("{FAE04EC0-301F-11D3-BF4B-00C04F79EFBC}") = "Unity.2D.Aseprite.Editor", "Unity.2D.Aseprite.Editor.csproj", "{FE985886-FD85-E380-0251-23CB18F03BE8}"
EndProject
Project("{FAE04EC0-301F-11D3-BF4B-00C04F79EFBC}") = "UnityEditor.UI", "UnityEditor.UI.csproj", "{42899A98-48D4-36F0-3910-2968D9ED5023}"
EndProject
Project("{FAE04EC0-301F-11D3-BF4B-00C04F79EFBC}") = "Unity.PlasticSCM.Editor", "Unity.PlasticSCM.Editor.csproj", "{C50A31C4-C32E-3666-8324-D715612D4E3A}"
EndProject
Project("{FAE04EC0-301F-11D3-BF4B-00C04F79EFBC}") = "Unity.2D.Psdimporter.Editor", "Unity.2D.Psdimporter.Editor.csproj", "{5B60480B-F95C-43C8-5913-736CB667E856}"
EndProject
Project("{FAE04EC0-301F-11D3-BF4B-00C04F79EFBC}") = "Unity.InputSystem", "Unity.InputSystem.csproj", "{82A183FA-0186-208B-70C7-1D4A826ED591}"
EndProject
Project("{FAE04EC0-301F-11D3-BF4B-00C04F79EFBC}") = "Unity.Mathematics", "Unity.Mathematics.csproj", "{6B7965BB-98CA-0952-680C-F48F2670C253}"
EndProject
Project("{FAE04EC0-301F-11D3-BF4B-00C04F79EFBC}") = "Unity.2D.Animation.Editor", "Unity.2D.Animation.Editor.csproj", "{17E4353B-BFE7-8D27-9C95-AC80EF500D50}"
EndProject
Project("{FAE04EC0-301F-11D3-BF4B-00C04F79EFBC}") = "Unity.2D.Common.Path.Editor", "Unity.2D.Common.Path.Editor.csproj", "{A67E090D-A844-D610-424C-CC289FFA12C4}"
EndProject
Project("{FAE04EC0-301F-11D3-BF4B-00C04F79EFBC}") = "Unity.2D.IK.Runtime", "Unity.2D.IK.Runtime.csproj", "{BB2B5544-4825-5E87-9639-75FC8A735262}"
EndProject
Project("{FAE04EC0-301F-11D3-BF4B-00C04F79EFBC}") = "UnityEditor.TestRunner", "UnityEditor.TestRunner.csproj", "{8DB174F8-DD04-0699-FB17-39721AF8C93F}"
EndProject
Project("{FAE04EC0-301F-11D3-BF4B-00C04F79EFBC}") = "UnityEngine.TestRunner", "UnityEngine.TestRunner.csproj", "{BBA693C3-64E2-4F1E-4191-1D068D408D69}"
EndProject
Project("{FAE04EC0-301F-11D3-BF4B-00C04F79EFBC}") = "PsdPlugin", "PsdPlugin.csproj", "{7B0E06AC-FCCC-F5D8-0731-F106E6216D13}"
EndProject
Project("{FAE04EC0-301F-11D3-BF4B-00C04F79EFBC}") = "Unity.Burst", "Unity.Burst.csproj", "{77234A27-06AD-4924-26F5-8D6E3BDFC681}"
EndProject
Project("{FAE04EC0-301F-11D3-BF4B-00C04F79EFBC}") = "UnityEngine.UI", "UnityEngine.UI.csproj", "{BAF8B570-9A14-90D4-921C-2936613E6126}"
EndProject
Project("{FAE04EC0-301F-11D3-BF4B-00C04F79EFBC}") = "Unity.2D.SpriteShape.Editor", "Unity.2D.SpriteShape.Editor.csproj", "{84CCC1EC-6622-49C6-5EA7-D514C081EDA5}"
EndProject
Project("{FAE04EC0-301F-11D3-BF4B-00C04F79EFBC}") = "Unity.Collections", "Unity.Collections.csproj", "{9435BF7F-0CE2-7498-FE1C-951F84C9825A}"
EndProject
Project("{FAE04EC0-301F-11D3-BF4B-00C04F79EFBC}") = "Unity.VisualStudio.Editor", "Unity.VisualStudio.Editor.csproj", "{5F6D7FA4-BDF0-1742-4CF6-5DDB164FB56B}"
EndProject
Project("{FAE04EC0-301F-11D3-BF4B-00C04F79EFBC}") = "Unity.2D.Tilemap.Extras.Editor", "Unity.2D.Tilemap.Extras.Editor.csproj", "{B9AF6D46-224F-427E-3B70-DBCE282DCCF5}"
EndProject
Project("{FAE04EC0-301F-11D3-BF4B-00C04F79EFBC}") = "Assembly-CSharp", "Assembly-CSharp.csproj", "{0C65CB60-1CBD-9484-7B21-8467DB477F38}"
EndProject
Project("{FAE04EC0-301F-11D3-BF4B-00C04F79EFBC}") = "Unity.Rider.Editor", "Unity.Rider.Editor.csproj", "{94AD0107-C393-363E-60FC-8F715E4860B8}"
EndProject
Project("{FAE04EC0-301F-11D3-BF4B-00C04F79EFBC}") = "Unity.InternalAPIEditorBridge.001", "Unity.InternalAPIEditorBridge.001.csproj", "{00B76297-D141-14A6-9148-31F1199036BD}"
EndProject
Project("{FAE04EC0-301F-11D3-BF4B-00C04F79EFBC}") = "Unity.2D.SpriteShape.Runtime", "Unity.2D.SpriteShape.Runtime.csproj", "{FAC3ED23-EF07-9017-7010-65C260E3FD41}"
EndProject
Project("{FAE04EC0-301F-11D3-BF4B-00C04F79EFBC}") = "Unity.2D.Animation.Runtime", "Unity.2D.Animation.Runtime.csproj", "{79AB1C2B-1271-C12E-ADBA-714DC19927E4}"
EndProject
Project("{FAE04EC0-301F-11D3-BF4B-00C04F79EFBC}") = "Unity.Burst.CodeGen", "Unity.Burst.CodeGen.csproj", "{75D4D133-1C11-2540-1AD4-0F112EBD4D07}"
EndProject
Project("{FAE04EC0-301F-11D3-BF4B-00C04F79EFBC}") = "Unity.2D.Tilemap.Extras", "Unity.2D.Tilemap.Extras.csproj", "{E4131074-1D9C-D612-3009-7DE9700A0121}"
EndProject
Project("{FAE04EC0-301F-11D3-BF4B-00C04F79EFBC}") = "Unity.TextMeshPro", "Unity.TextMeshPro.csproj", "{A5B5DEBB-D0BF-EF79-6BBC-E6331F620DA6}"
EndProject
Project("{FAE04EC0-301F-11D3-BF4B-00C04F79EFBC}") = "Unity.2D.Aseprite.Common", "Unity.2D.Aseprite.Common.csproj", "{3BDE688F-65A7-9489-FA18-EC970D3A2A46}"
EndProject
Project("{FAE04EC0-301F-11D3-BF4B-00C04F79EFBC}") = "Unity.2D.IK.Editor", "Unity.2D.IK.Editor.csproj", "{A5E090FC-2C5F-F632-4600-89ED86B148CA}"
EndProject
Project("{FAE04EC0-301F-11D3-BF4B-00C04F79EFBC}") = "Unity.InternalAPIEngineBridge.001", "Unity.InternalAPIEngineBridge.001.csproj", "{137A9809-4236-E6E6-09D4-2324BE1A3609}"
EndProject
Project("{FAE04EC0-301F-11D3-BF4B-00C04F79EFBC}") = "Unity.Burst.Editor", "Unity.Burst.Editor.csproj", "{061DC9AE-5926-095D-5F1D-ED01ABC6D5C2}"
EndProject
Project("{FAE04EC0-301F-11D3-BF4B-00C04F79EFBC}") = "Unity.2D.Common.Editor", "Unity.2D.Common.Editor.csproj", "{0017DB24-3DE8-1C41-B306-4D67F90F0421}"
EndProject
Project("{FAE04EC0-301F-11D3-BF4B-00C04F79EFBC}") = "Unity.2D.Sprite.Editor", "Unity.2D.Sprite.Editor.csproj", "{75B43F5A-71D2-F44E-5B14-1E9892D476FF}"
EndProject
Project("{FAE04EC0-301F-11D3-BF4B-00C04F79EFBC}") = "Unity.2D.PixelPerfect", "Unity.2D.PixelPerfect.csproj", "{D505AB3D-5149-3895-58C1-B32DDDDFE8B9}"
EndProject
Project("{FAE04EC0-301F-11D3-BF4B-00C04F79EFBC}") = "Unity.2D.PixelPerfect.Editor", "Unity.2D.PixelPerfect.Editor.csproj", "{285D3884-E7C9-EF60-466B-08F2B622169A}"
EndProject
Project("{FAE04EC0-301F-11D3-BF4B-00C04F79EFBC}") = "Unity.2D.Common.Runtime", "Unity.2D.Common.Runtime.csproj", "{2905E5DD-794E-F9DA-5D2C-A53546A5964E}"
EndProject
Project("{FAE04EC0-301F-11D3-BF4B-00C04F79EFBC}") = "Unity.InputSystem.ForUI", "Unity.InputSystem.ForUI.csproj", "{66E67B41-2BC2-FD8E-BDF1-147AD846D1FB}"
EndProject
Project("{FAE04EC0-301F-11D3-BF4B-00C04F79EFBC}") = "Unity.Mathematics.Editor", "Unity.Mathematics.Editor.csproj", "{4F0151A3-7523-DBCA-8CC2-7F434F565777}"
EndProject
Project("{FAE04EC0-301F-11D3-BF4B-00C04F79EFBC}") = "Unity.InputSystem.TestFramework", "Unity.InputSystem.TestFramework.csproj", "{A192CEA4-BD42-4559-77BA-5E6E3EF9108E}"
EndProject
Project("{FAE04EC0-301F-11D3-BF4B-00C04F79EFBC}") = "Unity.Collections.BurstCompatibilityGen", "Unity.Collections.BurstCompatibilityGen.csproj", "{530F1D94-EE13-1B5C-B0D4-C0CCC691429A}"
EndProject
Project("{FAE04EC0-301F-11D3-BF4B-00C04F79EFBC}") = "Unity.InternalAPIEditorBridge.005", "Unity.InternalAPIEditorBridge.005.csproj", "{8E936B68-0AF9-5004-3E14-301DDCAA329B}"
EndProject
Project("{FAE04EC0-301F-11D3-BF4B-00C04F79EFBC}") = "Unity.Collections.DocCodeSamples", "Unity.Collections.DocCodeSamples.csproj", "{254B4552-911B-0807-C973-5D34B4041503}"
EndProject
Project("{FAE04EC0-301F-11D3-BF4B-00C04F79EFBC}") = "Unity.CollabProxy.Editor", "Unity.CollabProxy.Editor.csproj", "{1C1DE631-60C3-FF42-7FFA-88AD466DA7F0}"
EndProject
Project("{FAE04EC0-301F-11D3-BF4B-00C04F79EFBC}") = "Unity.Timeline", "Unity.Timeline.Player.csproj", "{60903749-225E-8B57-E13C-481D87151D12}"
EndProject
Project("{FAE04EC0-301F-11D3-BF4B-00C04F79EFBC}") = "Unity.InputSystem", "Unity.InputSystem.Player.csproj", "{4B2B4B04-79CE-97F6-B65E-DDFCE1201202}"
EndProject
Project("{FAE04EC0-301F-11D3-BF4B-00C04F79EFBC}") = "Unity.Mathematics", "Unity.Mathematics.Player.csproj", "{9E5DFC8F-79E8-36C0-FE52-2CEF5CECDEEB}"
EndProject
Project("{FAE04EC0-301F-11D3-BF4B-00C04F79EFBC}") = "Unity.2D.IK.Runtime", "Unity.2D.IK.Runtime.Player.csproj", "{F738F0D3-C3F5-16A6-C0AB-6042928A0447}"
EndProject
Project("{FAE04EC0-301F-11D3-BF4B-00C04F79EFBC}") = "UnityEngine.TestRunner", "UnityEngine.TestRunner.Player.csproj", "{773BEDE4-2BE3-FFD4-BD9F-36F065464991}"
EndProject
Project("{FAE04EC0-301F-11D3-BF4B-00C04F79EFBC}") = "Unity.Burst", "Unity.Burst.Player.csproj", "{A779B266-CE09-C4BE-7828-0B10663986B1}"
EndProject
Project("{FAE04EC0-301F-11D3-BF4B-00C04F79EFBC}") = "UnityEngine.UI", "UnityEngine.UI.Player.csproj", "{AA30ED01-E7F7-D731-855A-C24B0CB528D4}"
EndProject
Project("{FAE04EC0-301F-11D3-BF4B-00C04F79EFBC}") = "Unity.Collections", "Unity.Collections.Player.csproj", "{F254130E-18AB-DB02-9EF3-AF13616FA8F7}"
EndProject
Project("{FAE04EC0-301F-11D3-BF4B-00C04F79EFBC}") = "Assembly-CSharp", "Assembly-CSharp.Player.csproj", "{CA15A3B3-8FB8-82B5-C4F4-2B182FE114EE}"
EndProject
Project("{FAE04EC0-301F-11D3-BF4B-00C04F79EFBC}") = "Unity.2D.SpriteShape.Runtime", "Unity.2D.SpriteShape.Runtime.Player.csproj", "{CE7846A7-9DFA-4017-2099-D2F22EE834EC}"
EndProject
Project("{FAE04EC0-301F-11D3-BF4B-00C04F79EFBC}") = "Unity.2D.Animation.Runtime", "Unity.2D.Animation.Runtime.Player.csproj", "{10D4AA42-9422-2D99-547C-EF3FBBADC1B0}"
EndProject
Project("{FAE04EC0-301F-11D3-BF4B-00C04F79EFBC}") = "Unity.2D.Tilemap.Extras", "Unity.2D.Tilemap.Extras.Player.csproj", "{506DC6CA-D60E-A9B7-AB13-4E76BE9A40E8}"
EndProject
Project("{FAE04EC0-301F-11D3-BF4B-00C04F79EFBC}") = "Unity.TextMeshPro", "Unity.TextMeshPro.Player.csproj", "{C528C3A2-00BE-571F-8F91-E549A97FE5BB}"
EndProject
Project("{FAE04EC0-301F-11D3-BF4B-00C04F79EFBC}") = "Unity.InternalAPIEngineBridge.001", "Unity.InternalAPIEngineBridge.001.Player.csproj", "{46BA1E40-24B3-AD99-5589-4AC67B54FCCD}"
EndProject
Project("{FAE04EC0-301F-11D3-BF4B-00C04F79EFBC}") = "Unity.2D.PixelPerfect", "Unity.2D.PixelPerfect.Player.csproj", "{AC06D4CD-B861-8BE3-2970-FBB5F7D62F70}"
EndProject
Project("{FAE04EC0-301F-11D3-BF4B-00C04F79EFBC}") = "Unity.2D.Common.Runtime", "Unity.2D.Common.Runtime.Player.csproj", "{892E9380-782F-5E64-59B7-9E4C643009E0}"
EndProject
Project("{FAE04EC0-301F-11D3-BF4B-00C04F79EFBC}") = "Unity.InputSystem.ForUI", "Unity.InputSystem.ForUI.Player.csproj", "{F26271EF-C7DF-3CD9-ECA4-CDE9FB02C6ED}"
EndProject
Project("{FAE04EC0-301F-11D3-BF4B-00C04F79EFBC}") = "Unity.InputSystem.TestFramework", "Unity.InputSystem.TestFramework.Player.csproj", "{0E9F1F45-18FE-82B0-BEDF-C2C216DBA90D}"
EndProject
Global
	GlobalSection(SolutionConfigurationPlatforms) = preSolution
		Debug|Any CPU = Debug|Any CPU
		Release|Any CPU = Release|Any CPU
	EndGlobalSection
	GlobalSection(ProjectConfigurationPlatforms) = postSolution
		{6E7A4B8D-A7D5-0472-37E9-E7AD8D5F3528}.Debug|Any CPU.ActiveCfg = Debug|Any CPU
		{6E7A4B8D-A7D5-0472-37E9-E7AD8D5F3528}.Debug|Any CPU.Build.0 = Debug|Any CPU
		{6E7A4B8D-A7D5-0472-37E9-E7AD8D5F3528}.Release|Any CPU.ActiveCfg = Release|Any CPU
		{6E7A4B8D-A7D5-0472-37E9-E7AD8D5F3528}.Release|Any CPU.Build.0 = Release|Any CPU
		{8FAE1494-C31F-6486-1153-426A63673D0B}.Debug|Any CPU.ActiveCfg = Debug|Any CPU
		{8FAE1494-C31F-6486-1153-426A63673D0B}.Debug|Any CPU.Build.0 = Debug|Any CPU
		{8FAE1494-C31F-6486-1153-426A63673D0B}.Release|Any CPU.ActiveCfg = Release|Any CPU
		{8FAE1494-C31F-6486-1153-426A63673D0B}.Release|Any CPU.Build.0 = Release|Any CPU
		{7C5661E9-AA7D-A210-87AC-EC021BF4335F}.Debug|Any CPU.ActiveCfg = Debug|Any CPU
		{7C5661E9-AA7D-A210-87AC-EC021BF4335F}.Debug|Any CPU.Build.0 = Debug|Any CPU
		{7C5661E9-AA7D-A210-87AC-EC021BF4335F}.Release|Any CPU.ActiveCfg = Release|Any CPU
		{7C5661E9-AA7D-A210-87AC-EC021BF4335F}.Release|Any CPU.Build.0 = Release|Any CPU
		{8D6D1894-B7B5-F226-9886-15C595EAD870}.Debug|Any CPU.ActiveCfg = Debug|Any CPU
		{8D6D1894-B7B5-F226-9886-15C595EAD870}.Debug|Any CPU.Build.0 = Debug|Any CPU
		{8D6D1894-B7B5-F226-9886-15C595EAD870}.Release|Any CPU.ActiveCfg = Release|Any CPU
		{8D6D1894-B7B5-F226-9886-15C595EAD870}.Release|Any CPU.Build.0 = Release|Any CPU
		{FE985886-FD85-E380-0251-23CB18F03BE8}.Debug|Any CPU.ActiveCfg = Debug|Any CPU
		{FE985886-FD85-E380-0251-23CB18F03BE8}.Debug|Any CPU.Build.0 = Debug|Any CPU
		{FE985886-FD85-E380-0251-23CB18F03BE8}.Release|Any CPU.ActiveCfg = Release|Any CPU
		{FE985886-FD85-E380-0251-23CB18F03BE8}.Release|Any CPU.Build.0 = Release|Any CPU
		{42899A98-48D4-36F0-3910-2968D9ED5023}.Debug|Any CPU.ActiveCfg = Debug|Any CPU
		{42899A98-48D4-36F0-3910-2968D9ED5023}.Debug|Any CPU.Build.0 = Debug|Any CPU
		{42899A98-48D4-36F0-3910-2968D9ED5023}.Release|Any CPU.ActiveCfg = Release|Any CPU
		{42899A98-48D4-36F0-3910-2968D9ED5023}.Release|Any CPU.Build.0 = Release|Any CPU
		{C50A31C4-C32E-3666-8324-D715612D4E3A}.Debug|Any CPU.ActiveCfg = Debug|Any CPU
		{C50A31C4-C32E-3666-8324-D715612D4E3A}.Debug|Any CPU.Build.0 = Debug|Any CPU
		{C50A31C4-C32E-3666-8324-D715612D4E3A}.Release|Any CPU.ActiveCfg = Release|Any CPU
		{C50A31C4-C32E-3666-8324-D715612D4E3A}.Release|Any CPU.Build.0 = Release|Any CPU
		{5B60480B-F95C-43C8-5913-736CB667E856}.Debug|Any CPU.ActiveCfg = Debug|Any CPU
		{5B60480B-F95C-43C8-5913-736CB667E856}.Debug|Any CPU.Build.0 = Debug|Any CPU
		{5B60480B-F95C-43C8-5913-736CB667E856}.Release|Any CPU.ActiveCfg = Release|Any CPU
		{5B60480B-F95C-43C8-5913-736CB667E856}.Release|Any CPU.Build.0 = Release|Any CPU
		{82A183FA-0186-208B-70C7-1D4A826ED591}.Debug|Any CPU.ActiveCfg = Debug|Any CPU
		{82A183FA-0186-208B-70C7-1D4A826ED591}.Debug|Any CPU.Build.0 = Debug|Any CPU
		{82A183FA-0186-208B-70C7-1D4A826ED591}.Release|Any CPU.ActiveCfg = Release|Any CPU
		{82A183FA-0186-208B-70C7-1D4A826ED591}.Release|Any CPU.Build.0 = Release|Any CPU
		{6B7965BB-98CA-0952-680C-F48F2670C253}.Debug|Any CPU.ActiveCfg = Debug|Any CPU
		{6B7965BB-98CA-0952-680C-F48F2670C253}.Debug|Any CPU.Build.0 = Debug|Any CPU
		{6B7965BB-98CA-0952-680C-F48F2670C253}.Release|Any CPU.ActiveCfg = Release|Any CPU
		{6B7965BB-98CA-0952-680C-F48F2670C253}.Release|Any CPU.Build.0 = Release|Any CPU
		{17E4353B-BFE7-8D27-9C95-AC80EF500D50}.Debug|Any CPU.ActiveCfg = Debug|Any CPU
		{17E4353B-BFE7-8D27-9C95-AC80EF500D50}.Debug|Any CPU.Build.0 = Debug|Any CPU
		{17E4353B-BFE7-8D27-9C95-AC80EF500D50}.Release|Any CPU.ActiveCfg = Release|Any CPU
		{17E4353B-BFE7-8D27-9C95-AC80EF500D50}.Release|Any CPU.Build.0 = Release|Any CPU
		{A67E090D-A844-D610-424C-CC289FFA12C4}.Debug|Any CPU.ActiveCfg = Debug|Any CPU
		{A67E090D-A844-D610-424C-CC289FFA12C4}.Debug|Any CPU.Build.0 = Debug|Any CPU
		{A67E090D-A844-D610-424C-CC289FFA12C4}.Release|Any CPU.ActiveCfg = Release|Any CPU
		{A67E090D-A844-D610-424C-CC289FFA12C4}.Release|Any CPU.Build.0 = Release|Any CPU
		{BB2B5544-4825-5E87-9639-75FC8A735262}.Debug|Any CPU.ActiveCfg = Debug|Any CPU
		{BB2B5544-4825-5E87-9639-75FC8A735262}.Debug|Any CPU.Build.0 = Debug|Any CPU
		{BB2B5544-4825-5E87-9639-75FC8A735262}.Release|Any CPU.ActiveCfg = Release|Any CPU
		{BB2B5544-4825-5E87-9639-75FC8A735262}.Release|Any CPU.Build.0 = Release|Any CPU
		{8DB174F8-DD04-0699-FB17-39721AF8C93F}.Debug|Any CPU.ActiveCfg = Debug|Any CPU
		{8DB174F8-DD04-0699-FB17-39721AF8C93F}.Debug|Any CPU.Build.0 = Debug|Any CPU
		{8DB174F8-DD04-0699-FB17-39721AF8C93F}.Release|Any CPU.ActiveCfg = Release|Any CPU
		{8DB174F8-DD04-0699-FB17-39721AF8C93F}.Release|Any CPU.Build.0 = Release|Any CPU
		{BBA693C3-64E2-4F1E-4191-1D068D408D69}.Debug|Any CPU.ActiveCfg = Debug|Any CPU
		{BBA693C3-64E2-4F1E-4191-1D068D408D69}.Debug|Any CPU.Build.0 = Debug|Any CPU
		{BBA693C3-64E2-4F1E-4191-1D068D408D69}.Release|Any CPU.ActiveCfg = Release|Any CPU
		{BBA693C3-64E2-4F1E-4191-1D068D408D69}.Release|Any CPU.Build.0 = Release|Any CPU
		{7B0E06AC-FCCC-F5D8-0731-F106E6216D13}.Debug|Any CPU.ActiveCfg = Debug|Any CPU
		{7B0E06AC-FCCC-F5D8-0731-F106E6216D13}.Debug|Any CPU.Build.0 = Debug|Any CPU
		{7B0E06AC-FCCC-F5D8-0731-F106E6216D13}.Release|Any CPU.ActiveCfg = Release|Any CPU
		{7B0E06AC-FCCC-F5D8-0731-F106E6216D13}.Release|Any CPU.Build.0 = Release|Any CPU
		{77234A27-06AD-4924-26F5-8D6E3BDFC681}.Debug|Any CPU.ActiveCfg = Debug|Any CPU
		{77234A27-06AD-4924-26F5-8D6E3BDFC681}.Debug|Any CPU.Build.0 = Debug|Any CPU
		{77234A27-06AD-4924-26F5-8D6E3BDFC681}.Release|Any CPU.ActiveCfg = Release|Any CPU
		{77234A27-06AD-4924-26F5-8D6E3BDFC681}.Release|Any CPU.Build.0 = Release|Any CPU
		{BAF8B570-9A14-90D4-921C-2936613E6126}.Debug|Any CPU.ActiveCfg = Debug|Any CPU
		{BAF8B570-9A14-90D4-921C-2936613E6126}.Debug|Any CPU.Build.0 = Debug|Any CPU
		{BAF8B570-9A14-90D4-921C-2936613E6126}.Release|Any CPU.ActiveCfg = Release|Any CPU
		{BAF8B570-9A14-90D4-921C-2936613E6126}.Release|Any CPU.Build.0 = Release|Any CPU
		{84CCC1EC-6622-49C6-5EA7-D514C081EDA5}.Debug|Any CPU.ActiveCfg = Debug|Any CPU
		{84CCC1EC-6622-49C6-5EA7-D514C081EDA5}.Debug|Any CPU.Build.0 = Debug|Any CPU
		{84CCC1EC-6622-49C6-5EA7-D514C081EDA5}.Release|Any CPU.ActiveCfg = Release|Any CPU
		{84CCC1EC-6622-49C6-5EA7-D514C081EDA5}.Release|Any CPU.Build.0 = Release|Any CPU
		{9435BF7F-0CE2-7498-FE1C-951F84C9825A}.Debug|Any CPU.ActiveCfg = Debug|Any CPU
		{9435BF7F-0CE2-7498-FE1C-951F84C9825A}.Debug|Any CPU.Build.0 = Debug|Any CPU
		{9435BF7F-0CE2-7498-FE1C-951F84C9825A}.Release|Any CPU.ActiveCfg = Release|Any CPU
		{9435BF7F-0CE2-7498-FE1C-951F84C9825A}.Release|Any CPU.Build.0 = Release|Any CPU
		{5F6D7FA4-BDF0-1742-4CF6-5DDB164FB56B}.Debug|Any CPU.ActiveCfg = Debug|Any CPU
		{5F6D7FA4-BDF0-1742-4CF6-5DDB164FB56B}.Debug|Any CPU.Build.0 = Debug|Any CPU
		{5F6D7FA4-BDF0-1742-4CF6-5DDB164FB56B}.Release|Any CPU.ActiveCfg = Release|Any CPU
		{5F6D7FA4-BDF0-1742-4CF6-5DDB164FB56B}.Release|Any CPU.Build.0 = Release|Any CPU
		{B9AF6D46-224F-427E-3B70-DBCE282DCCF5}.Debug|Any CPU.ActiveCfg = Debug|Any CPU
		{B9AF6D46-224F-427E-3B70-DBCE282DCCF5}.Debug|Any CPU.Build.0 = Debug|Any CPU
		{B9AF6D46-224F-427E-3B70-DBCE282DCCF5}.Release|Any CPU.ActiveCfg = Release|Any CPU
		{B9AF6D46-224F-427E-3B70-DBCE282DCCF5}.Release|Any CPU.Build.0 = Release|Any CPU
		{0C65CB60-1CBD-9484-7B21-8467DB477F38}.Debug|Any CPU.ActiveCfg = Debug|Any CPU
		{0C65CB60-1CBD-9484-7B21-8467DB477F38}.Debug|Any CPU.Build.0 = Debug|Any CPU
		{0C65CB60-1CBD-9484-7B21-8467DB477F38}.Release|Any CPU.ActiveCfg = Release|Any CPU
		{0C65CB60-1CBD-9484-7B21-8467DB477F38}.Release|Any CPU.Build.0 = Release|Any CPU
		{94AD0107-C393-363E-60FC-8F715E4860B8}.Debug|Any CPU.ActiveCfg = Debug|Any CPU
		{94AD0107-C393-363E-60FC-8F715E4860B8}.Debug|Any CPU.Build.0 = Debug|Any CPU
		{94AD0107-C393-363E-60FC-8F715E4860B8}.Release|Any CPU.ActiveCfg = Release|Any CPU
		{94AD0107-C393-363E-60FC-8F715E4860B8}.Release|Any CPU.Build.0 = Release|Any CPU
		{00B76297-D141-14A6-9148-31F1199036BD}.Debug|Any CPU.ActiveCfg = Debug|Any CPU
		{00B76297-D141-14A6-9148-31F1199036BD}.Debug|Any CPU.Build.0 = Debug|Any CPU
		{00B76297-D141-14A6-9148-31F1199036BD}.Release|Any CPU.ActiveCfg = Release|Any CPU
		{00B76297-D141-14A6-9148-31F1199036BD}.Release|Any CPU.Build.0 = Release|Any CPU
		{FAC3ED23-EF07-9017-7010-65C260E3FD41}.Debug|Any CPU.ActiveCfg = Debug|Any CPU
		{FAC3ED23-EF07-9017-7010-65C260E3FD41}.Debug|Any CPU.Build.0 = Debug|Any CPU
		{FAC3ED23-EF07-9017-7010-65C260E3FD41}.Release|Any CPU.ActiveCfg = Release|Any CPU
		{FAC3ED23-EF07-9017-7010-65C260E3FD41}.Release|Any CPU.Build.0 = Release|Any CPU
		{79AB1C2B-1271-C12E-ADBA-714DC19927E4}.Debug|Any CPU.ActiveCfg = Debug|Any CPU
		{79AB1C2B-1271-C12E-ADBA-714DC19927E4}.Debug|Any CPU.Build.0 = Debug|Any CPU
		{79AB1C2B-1271-C12E-ADBA-714DC19927E4}.Release|Any CPU.ActiveCfg = Release|Any CPU
		{79AB1C2B-1271-C12E-ADBA-714DC19927E4}.Release|Any CPU.Build.0 = Release|Any CPU
		{75D4D133-1C11-2540-1AD4-0F112EBD4D07}.Debug|Any CPU.ActiveCfg = Debug|Any CPU
		{75D4D133-1C11-2540-1AD4-0F112EBD4D07}.Debug|Any CPU.Build.0 = Debug|Any CPU
		{75D4D133-1C11-2540-1AD4-0F112EBD4D07}.Release|Any CPU.ActiveCfg = Release|Any CPU
		{75D4D133-1C11-2540-1AD4-0F112EBD4D07}.Release|Any CPU.Build.0 = Release|Any CPU
		{E4131074-1D9C-D612-3009-7DE9700A0121}.Debug|Any CPU.ActiveCfg = Debug|Any CPU
		{E4131074-1D9C-D612-3009-7DE9700A0121}.Debug|Any CPU.Build.0 = Debug|Any CPU
		{E4131074-1D9C-D612-3009-7DE9700A0121}.Release|Any CPU.ActiveCfg = Release|Any CPU
		{E4131074-1D9C-D612-3009-7DE9700A0121}.Release|Any CPU.Build.0 = Release|Any CPU
		{A5B5DEBB-D0BF-EF79-6BBC-E6331F620DA6}.Debug|Any CPU.ActiveCfg = Debug|Any CPU
		{A5B5DEBB-D0BF-EF79-6BBC-E6331F620DA6}.Debug|Any CPU.Build.0 = Debug|Any CPU
		{A5B5DEBB-D0BF-EF79-6BBC-E6331F620DA6}.Release|Any CPU.ActiveCfg = Release|Any CPU
		{A5B5DEBB-D0BF-EF79-6BBC-E6331F620DA6}.Release|Any CPU.Build.0 = Release|Any CPU
		{3BDE688F-65A7-9489-FA18-EC970D3A2A46}.Debug|Any CPU.ActiveCfg = Debug|Any CPU
		{3BDE688F-65A7-9489-FA18-EC970D3A2A46}.Debug|Any CPU.Build.0 = Debug|Any CPU
		{3BDE688F-65A7-9489-FA18-EC970D3A2A46}.Release|Any CPU.ActiveCfg = Release|Any CPU
		{3BDE688F-65A7-9489-FA18-EC970D3A2A46}.Release|Any CPU.Build.0 = Release|Any CPU
		{A5E090FC-2C5F-F632-4600-89ED86B148CA}.Debug|Any CPU.ActiveCfg = Debug|Any CPU
		{A5E090FC-2C5F-F632-4600-89ED86B148CA}.Debug|Any CPU.Build.0 = Debug|Any CPU
		{A5E090FC-2C5F-F632-4600-89ED86B148CA}.Release|Any CPU.ActiveCfg = Release|Any CPU
		{A5E090FC-2C5F-F632-4600-89ED86B148CA}.Release|Any CPU.Build.0 = Release|Any CPU
		{137A9809-4236-E6E6-09D4-2324BE1A3609}.Debug|Any CPU.ActiveCfg = Debug|Any CPU
		{137A9809-4236-E6E6-09D4-2324BE1A3609}.Debug|Any CPU.Build.0 = Debug|Any CPU
		{137A9809-4236-E6E6-09D4-2324BE1A3609}.Release|Any CPU.ActiveCfg = Release|Any CPU
		{137A9809-4236-E6E6-09D4-2324BE1A3609}.Release|Any CPU.Build.0 = Release|Any CPU
		{061DC9AE-5926-095D-5F1D-ED01ABC6D5C2}.Debug|Any CPU.ActiveCfg = Debug|Any CPU
		{061DC9AE-5926-095D-5F1D-ED01ABC6D5C2}.Debug|Any CPU.Build.0 = Debug|Any CPU
		{061DC9AE-5926-095D-5F1D-ED01ABC6D5C2}.Release|Any CPU.ActiveCfg = Release|Any CPU
		{061DC9AE-5926-095D-5F1D-ED01ABC6D5C2}.Release|Any CPU.Build.0 = Release|Any CPU
		{0017DB24-3DE8-1C41-B306-4D67F90F0421}.Debug|Any CPU.ActiveCfg = Debug|Any CPU
		{0017DB24-3DE8-1C41-B306-4D67F90F0421}.Debug|Any CPU.Build.0 = Debug|Any CPU
		{0017DB24-3DE8-1C41-B306-4D67F90F0421}.Release|Any CPU.ActiveCfg = Release|Any CPU
		{0017DB24-3DE8-1C41-B306-4D67F90F0421}.Release|Any CPU.Build.0 = Release|Any CPU
		{75B43F5A-71D2-F44E-5B14-1E9892D476FF}.Debug|Any CPU.ActiveCfg = Debug|Any CPU
		{75B43F5A-71D2-F44E-5B14-1E9892D476FF}.Debug|Any CPU.Build.0 = Debug|Any CPU
		{75B43F5A-71D2-F44E-5B14-1E9892D476FF}.Release|Any CPU.ActiveCfg = Release|Any CPU
		{75B43F5A-71D2-F44E-5B14-1E9892D476FF}.Release|Any CPU.Build.0 = Release|Any CPU
		{D505AB3D-5149-3895-58C1-B32DDDDFE8B9}.Debug|Any CPU.ActiveCfg = Debug|Any CPU
		{D505AB3D-5149-3895-58C1-B32DDDDFE8B9}.Debug|Any CPU.Build.0 = Debug|Any CPU
		{D505AB3D-5149-3895-58C1-B32DDDDFE8B9}.Release|Any CPU.ActiveCfg = Release|Any CPU
		{D505AB3D-5149-3895-58C1-B32DDDDFE8B9}.Release|Any CPU.Build.0 = Release|Any CPU
		{285D3884-E7C9-EF60-466B-08F2B622169A}.Debug|Any CPU.ActiveCfg = Debug|Any CPU
		{285D3884-E7C9-EF60-466B-08F2B622169A}.Debug|Any CPU.Build.0 = Debug|Any CPU
		{285D3884-E7C9-EF60-466B-08F2B622169A}.Release|Any CPU.ActiveCfg = Release|Any CPU
		{285D3884-E7C9-EF60-466B-08F2B622169A}.Release|Any CPU.Build.0 = Release|Any CPU
		{2905E5DD-794E-F9DA-5D2C-A53546A5964E}.Debug|Any CPU.ActiveCfg = Debug|Any CPU
		{2905E5DD-794E-F9DA-5D2C-A53546A5964E}.Debug|Any CPU.Build.0 = Debug|Any CPU
		{2905E5DD-794E-F9DA-5D2C-A53546A5964E}.Release|Any CPU.ActiveCfg = Release|Any CPU
		{2905E5DD-794E-F9DA-5D2C-A53546A5964E}.Release|Any CPU.Build.0 = Release|Any CPU
		{66E67B41-2BC2-FD8E-BDF1-147AD846D1FB}.Debug|Any CPU.ActiveCfg = Debug|Any CPU
		{66E67B41-2BC2-FD8E-BDF1-147AD846D1FB}.Debug|Any CPU.Build.0 = Debug|Any CPU
		{66E67B41-2BC2-FD8E-BDF1-147AD846D1FB}.Release|Any CPU.ActiveCfg = Release|Any CPU
		{66E67B41-2BC2-FD8E-BDF1-147AD846D1FB}.Release|Any CPU.Build.0 = Release|Any CPU
		{4F0151A3-7523-DBCA-8CC2-7F434F565777}.Debug|Any CPU.ActiveCfg = Debug|Any CPU
		{4F0151A3-7523-DBCA-8CC2-7F434F565777}.Debug|Any CPU.Build.0 = Debug|Any CPU
		{4F0151A3-7523-DBCA-8CC2-7F434F565777}.Release|Any CPU.ActiveCfg = Release|Any CPU
		{4F0151A3-7523-DBCA-8CC2-7F434F565777}.Release|Any CPU.Build.0 = Release|Any CPU
		{A192CEA4-BD42-4559-77BA-5E6E3EF9108E}.Debug|Any CPU.ActiveCfg = Debug|Any CPU
		{A192CEA4-BD42-4559-77BA-5E6E3EF9108E}.Debug|Any CPU.Build.0 = Debug|Any CPU
		{A192CEA4-BD42-4559-77BA-5E6E3EF9108E}.Release|Any CPU.ActiveCfg = Release|Any CPU
		{A192CEA4-BD42-4559-77BA-5E6E3EF9108E}.Release|Any CPU.Build.0 = Release|Any CPU
		{530F1D94-EE13-1B5C-B0D4-C0CCC691429A}.Debug|Any CPU.ActiveCfg = Debug|Any CPU
		{530F1D94-EE13-1B5C-B0D4-C0CCC691429A}.Debug|Any CPU.Build.0 = Debug|Any CPU
		{530F1D94-EE13-1B5C-B0D4-C0CCC691429A}.Release|Any CPU.ActiveCfg = Release|Any CPU
		{530F1D94-EE13-1B5C-B0D4-C0CCC691429A}.Release|Any CPU.Build.0 = Release|Any CPU
		{8E936B68-0AF9-5004-3E14-301DDCAA329B}.Debug|Any CPU.ActiveCfg = Debug|Any CPU
		{8E936B68-0AF9-5004-3E14-301DDCAA329B}.Debug|Any CPU.Build.0 = Debug|Any CPU
		{8E936B68-0AF9-5004-3E14-301DDCAA329B}.Release|Any CPU.ActiveCfg = Release|Any CPU
		{8E936B68-0AF9-5004-3E14-301DDCAA329B}.Release|Any CPU.Build.0 = Release|Any CPU
		{254B4552-911B-0807-C973-5D34B4041503}.Debug|Any CPU.ActiveCfg = Debug|Any CPU
		{254B4552-911B-0807-C973-5D34B4041503}.Debug|Any CPU.Build.0 = Debug|Any CPU
		{254B4552-911B-0807-C973-5D34B4041503}.Release|Any CPU.ActiveCfg = Release|Any CPU
		{254B4552-911B-0807-C973-5D34B4041503}.Release|Any CPU.Build.0 = Release|Any CPU
		{1C1DE631-60C3-FF42-7FFA-88AD466DA7F0}.Debug|Any CPU.ActiveCfg = Debug|Any CPU
		{1C1DE631-60C3-FF42-7FFA-88AD466DA7F0}.Debug|Any CPU.Build.0 = Debug|Any CPU
		{1C1DE631-60C3-FF42-7FFA-88AD466DA7F0}.Release|Any CPU.ActiveCfg = Release|Any CPU
		{1C1DE631-60C3-FF42-7FFA-88AD466DA7F0}.Release|Any CPU.Build.0 = Release|Any CPU
		{60903749-225E-8B57-E13C-481D87151D12}.Debug|Any CPU.ActiveCfg = Debug|Any CPU
		{60903749-225E-8B57-E13C-481D87151D12}.Debug|Any CPU.Build.0 = Debug|Any CPU
		{60903749-225E-8B57-E13C-481D87151D12}.Release|Any CPU.ActiveCfg = Release|Any CPU
		{60903749-225E-8B57-E13C-481D87151D12}.Release|Any CPU.Build.0 = Release|Any CPU
		{4B2B4B04-79CE-97F6-B65E-DDFCE1201202}.Debug|Any CPU.ActiveCfg = Debug|Any CPU
		{4B2B4B04-79CE-97F6-B65E-DDFCE1201202}.Debug|Any CPU.Build.0 = Debug|Any CPU
		{4B2B4B04-79CE-97F6-B65E-DDFCE1201202}.Release|Any CPU.ActiveCfg = Release|Any CPU
		{4B2B4B04-79CE-97F6-B65E-DDFCE1201202}.Release|Any CPU.Build.0 = Release|Any CPU
		{9E5DFC8F-79E8-36C0-FE52-2CEF5CECDEEB}.Debug|Any CPU.ActiveCfg = Debug|Any CPU
		{9E5DFC8F-79E8-36C0-FE52-2CEF5CECDEEB}.Debug|Any CPU.Build.0 = Debug|Any CPU
		{9E5DFC8F-79E8-36C0-FE52-2CEF5CECDEEB}.Release|Any CPU.ActiveCfg = Release|Any CPU
		{9E5DFC8F-79E8-36C0-FE52-2CEF5CECDEEB}.Release|Any CPU.Build.0 = Release|Any CPU
		{F738F0D3-C3F5-16A6-C0AB-6042928A0447}.Debug|Any CPU.ActiveCfg = Debug|Any CPU
		{F738F0D3-C3F5-16A6-C0AB-6042928A0447}.Debug|Any CPU.Build.0 = Debug|Any CPU
		{F738F0D3-C3F5-16A6-C0AB-6042928A0447}.Release|Any CPU.ActiveCfg = Release|Any CPU
		{F738F0D3-C3F5-16A6-C0AB-6042928A0447}.Release|Any CPU.Build.0 = Release|Any CPU
		{773BEDE4-2BE3-FFD4-BD9F-36F065464991}.Debug|Any CPU.ActiveCfg = Debug|Any CPU
		{773BEDE4-2BE3-FFD4-BD9F-36F065464991}.Debug|Any CPU.Build.0 = Debug|Any CPU
		{773BEDE4-2BE3-FFD4-BD9F-36F065464991}.Release|Any CPU.ActiveCfg = Release|Any CPU
		{773BEDE4-2BE3-FFD4-BD9F-36F065464991}.Release|Any CPU.Build.0 = Release|Any CPU
		{A779B266-CE09-C4BE-7828-0B10663986B1}.Debug|Any CPU.ActiveCfg = Debug|Any CPU
		{A779B266-CE09-C4BE-7828-0B10663986B1}.Debug|Any CPU.Build.0 = Debug|Any CPU
		{A779B266-CE09-C4BE-7828-0B10663986B1}.Release|Any CPU.ActiveCfg = Release|Any CPU
		{A779B266-CE09-C4BE-7828-0B10663986B1}.Release|Any CPU.Build.0 = Release|Any CPU
		{AA30ED01-E7F7-D731-855A-C24B0CB528D4}.Debug|Any CPU.ActiveCfg = Debug|Any CPU
		{AA30ED01-E7F7-D731-855A-C24B0CB528D4}.Debug|Any CPU.Build.0 = Debug|Any CPU
		{AA30ED01-E7F7-D731-855A-C24B0CB528D4}.Release|Any CPU.ActiveCfg = Release|Any CPU
		{AA30ED01-E7F7-D731-855A-C24B0CB528D4}.Release|Any CPU.Build.0 = Release|Any CPU
		{F254130E-18AB-DB02-9EF3-AF13616FA8F7}.Debug|Any CPU.ActiveCfg = Debug|Any CPU
		{F254130E-18AB-DB02-9EF3-AF13616FA8F7}.Debug|Any CPU.Build.0 = Debug|Any CPU
		{F254130E-18AB-DB02-9EF3-AF13616FA8F7}.Release|Any CPU.ActiveCfg = Release|Any CPU
		{F254130E-18AB-DB02-9EF3-AF13616FA8F7}.Release|Any CPU.Build.0 = Release|Any CPU
		{CA15A3B3-8FB8-82B5-C4F4-2B182FE114EE}.Debug|Any CPU.ActiveCfg = Debug|Any CPU
		{CA15A3B3-8FB8-82B5-C4F4-2B182FE114EE}.Debug|Any CPU.Build.0 = Debug|Any CPU
		{CA15A3B3-8FB8-82B5-C4F4-2B182FE114EE}.Release|Any CPU.ActiveCfg = Release|Any CPU
		{CA15A3B3-8FB8-82B5-C4F4-2B182FE114EE}.Release|Any CPU.Build.0 = Release|Any CPU
		{CE7846A7-9DFA-4017-2099-D2F22EE834EC}.Debug|Any CPU.ActiveCfg = Debug|Any CPU
		{CE7846A7-9DFA-4017-2099-D2F22EE834EC}.Debug|Any CPU.Build.0 = Debug|Any CPU
		{CE7846A7-9DFA-4017-2099-D2F22EE834EC}.Release|Any CPU.ActiveCfg = Release|Any CPU
		{CE7846A7-9DFA-4017-2099-D2F22EE834EC}.Release|Any CPU.Build.0 = Release|Any CPU
		{10D4AA42-9422-2D99-547C-EF3FBBADC1B0}.Debug|Any CPU.ActiveCfg = Debug|Any CPU
		{10D4AA42-9422-2D99-547C-EF3FBBADC1B0}.Debug|Any CPU.Build.0 = Debug|Any CPU
		{10D4AA42-9422-2D99-547C-EF3FBBADC1B0}.Release|Any CPU.ActiveCfg = Release|Any CPU
		{10D4AA42-9422-2D99-547C-EF3FBBADC1B0}.Release|Any CPU.Build.0 = Release|Any CPU
		{506DC6CA-D60E-A9B7-AB13-4E76BE9A40E8}.Debug|Any CPU.ActiveCfg = Debug|Any CPU
		{506DC6CA-D60E-A9B7-AB13-4E76BE9A40E8}.Debug|Any CPU.Build.0 = Debug|Any CPU
		{506DC6CA-D60E-A9B7-AB13-4E76BE9A40E8}.Release|Any CPU.ActiveCfg = Release|Any CPU
		{506DC6CA-D60E-A9B7-AB13-4E76BE9A40E8}.Release|Any CPU.Build.0 = Release|Any CPU
		{C528C3A2-00BE-571F-8F91-E549A97FE5BB}.Debug|Any CPU.ActiveCfg = Debug|Any CPU
		{C528C3A2-00BE-571F-8F91-E549A97FE5BB}.Debug|Any CPU.Build.0 = Debug|Any CPU
		{C528C3A2-00BE-571F-8F91-E549A97FE5BB}.Release|Any CPU.ActiveCfg = Release|Any CPU
		{C528C3A2-00BE-571F-8F91-E549A97FE5BB}.Release|Any CPU.Build.0 = Release|Any CPU
		{46BA1E40-24B3-AD99-5589-4AC67B54FCCD}.Debug|Any CPU.ActiveCfg = Debug|Any CPU
		{46BA1E40-24B3-AD99-5589-4AC67B54FCCD}.Debug|Any CPU.Build.0 = Debug|Any CPU
		{46BA1E40-24B3-AD99-5589-4AC67B54FCCD}.Release|Any CPU.ActiveCfg = Release|Any CPU
		{46BA1E40-24B3-AD99-5589-4AC67B54FCCD}.Release|Any CPU.Build.0 = Release|Any CPU
		{AC06D4CD-B861-8BE3-2970-FBB5F7D62F70}.Debug|Any CPU.ActiveCfg = Debug|Any CPU
		{AC06D4CD-B861-8BE3-2970-FBB5F7D62F70}.Debug|Any CPU.Build.0 = Debug|Any CPU
		{AC06D4CD-B861-8BE3-2970-FBB5F7D62F70}.Release|Any CPU.ActiveCfg = Release|Any CPU
		{AC06D4CD-B861-8BE3-2970-FBB5F7D62F70}.Release|Any CPU.Build.0 = Release|Any CPU
		{892E9380-782F-5E64-59B7-9E4C643009E0}.Debug|Any CPU.ActiveCfg = Debug|Any CPU
		{892E9380-782F-5E64-59B7-9E4C643009E0}.Debug|Any CPU.Build.0 = Debug|Any CPU
		{892E9380-782F-5E64-59B7-9E4C643009E0}.Release|Any CPU.ActiveCfg = Release|Any CPU
		{892E9380-782F-5E64-59B7-9E4C643009E0}.Release|Any CPU.Build.0 = Release|Any CPU
		{F26271EF-C7DF-3CD9-ECA4-CDE9FB02C6ED}.Debug|Any CPU.ActiveCfg = Debug|Any CPU
		{F26271EF-C7DF-3CD9-ECA4-CDE9FB02C6ED}.Debug|Any CPU.Build.0 = Debug|Any CPU
		{F26271EF-C7DF-3CD9-ECA4-CDE9FB02C6ED}.Release|Any CPU.ActiveCfg = Release|Any CPU
		{F26271EF-C7DF-3CD9-ECA4-CDE9FB02C6ED}.Release|Any CPU.Build.0 = Release|Any CPU
		{0E9F1F45-18FE-82B0-BEDF-C2C216DBA90D}.Debug|Any CPU.ActiveCfg = Debug|Any CPU
		{0E9F1F45-18FE-82B0-BEDF-C2C216DBA90D}.Debug|Any CPU.Build.0 = Debug|Any CPU
		{0E9F1F45-18FE-82B0-BEDF-C2C216DBA90D}.Release|Any CPU.ActiveCfg = Release|Any CPU
		{0E9F1F45-18FE-82B0-BEDF-C2C216DBA90D}.Release|Any CPU.Build.0 = Release|Any CPU
	EndGlobalSection
	GlobalSection(SolutionProperties) = preSolution
		HideSolutionNode = FALSE
	EndGlobalSection
EndGlobal
